version = 1
revision = 3
requires-python = ">=3.12"

[[package]]
name = "aws-sdk-sagemaker-runtime-http2"
version = "0.8.0"
source = { registry = "https://pypi.org/simple" }
dependencies = [
    { name = "smithy-aws-core", extra = ["eventstream", "json"] },
    { name = "smithy-core" },
    { name = "smithy-http", extra = ["awscrt"] },
]
sdist = { url = "https://files.pythonhosted.org/packages/33/e8/6d2ec28c619ea6d71a63c79be14d40ca5f2f260da46357bb6cce991ce500/aws_sdk_sagemaker_runtime_http2-0.8.0.tar.gz", hash = "sha256:df34144ebcdc4be83226c63a212bcc71614fba82918e012fb93ff76d835874e9", size = 28315, upload-time = "2026-07-31T22:25:16.594Z" }
wheels = [
    { url = "https://files.pythonhosted.org/packages/fb/72/816655a82253d636b2b130d2faf772b64cedfc406339a68413bd380abcd7/aws_sdk_sagemaker_runtime_http2-0.8.0-py3-none-any.whl", hash = "sha256:71cf11c027b5c0a2239d79746bdc6f5ba8e2c5f822ff1e66e78bc462842bbc6a", size = 23151, upload-time = "2026-07-31T22:25:15.756Z" },
]

[[package]]
name = "aws-sdk-signers"
version = "0.3.0"
source = { registry = "https://pypi.org/simple" }
sdist = { url = "https://files.pythonhosted.org/packages/48/62/30685f9a096ad834409771a567065cd25094d3a5124874e1d7e373f17dd7/aws_sdk_signers-0.3.0.tar.gz", hash = "sha256:6fd654ea3dafe3ae3cf172fb3bd1e81877fe6e18156e0b638ccefb045ffb420c", size = 18590, upload-time = "2026-05-05T18:04:09.914Z" }
wheels = [
    { url = "https://files.pythonhosted.org/packages/30/91/25405e647de8dea8419812e85bcb341323500905f4f55fc23cf488b7a2a4/aws_sdk_signers-0.3.0-py3-none-any.whl", hash = "sha256:098c7784064931d2da968400fc0466e092a7c271a79fac9d55daa4a7c35fd6f1", size = 21999, upload-time = "2026-05-05T18:04:08.971Z" },
]

[[package]]
name = "awscrt"
version = "0.32.2"
source = { registry = "https://pypi.org/simple" }
sdist = { url = "https://files.pythonhosted.org/packages/92/cb/980fe60c4209af71d036276217f8b9f372f958e290c15d2849a3de4dcd23/awscrt-0.32.2.tar.gz", hash = "sha256:a4f48805e8a66237923f03b7b692d213994cff42d1ff08125d1d60c74fcaf872", size = 36862073, upload-time = "2026-04-24T22:59:55.835Z" }
wheels = [
    { url = "https://files.pythonhosted.org/packages/03/99/a6c712a2f638c766b0879da0eacd9fe5695c64deb89c0357bcc4f1f4df9b/awscrt-0.32.2-cp311-abi3-macosx_10_15_universal2.whl", hash = "sha256:32785f54d0786e07b6491b51f9c2f75ea9e17decd39bb6b66fdc60cd871a49ef", size = 3406247, upload-time = "2026-04-24T22:58:46.268Z" },
    { url = "https://files.pythonhosted.org/packages/a7/03/665c81f3b9d3c56fcdfb8f353c22501bc538d192c431cfaaf307f867d404/awscrt-0.32.2-cp311-abi3-manylinux2014_aarch64.manylinux_2_17_aarch64.whl", hash = "sha256:f8a586c52f41ff14c2f1b8afeb764e231ad3d66acfd42a6b9fb6c8afd8da8fe2", size = 3906890, upload-time = "2026-04-24T22:58:47.96Z" },
    { url = "https://files.pythonhosted.org/packages/31/ad/5db0691a0c72d55a17c03c47149cf15d4602b83b470355c322c9a7f115e8/awscrt-0.32.2-cp311-abi3-manylinux2014_x86_64.manylinux_2_17_x86_64.whl", hash = "sha256:3ef1664588d35dcad2115377120667e689cd7a517da52a481373c9536811ed96", size = 4196631, upload-time = "2026-04-24T22:58:49.244Z" },
    { url = "https://files.pythonhosted.org/packages/9a/66/63a4654b2996158f33e88d74d79178a5812d94a7e0d6c94ec475115dff18/awscrt-0.32.2-cp311-abi3-musllinux_1_1_aarch64.whl", hash = "sha256:7ed7c209136650fe25659436bb4150e5af6eb43d71a0bf294f0bf414428736ee", size = 3818090, upload-time = "2026-04-24T22:58:50.657Z" },
    { url = "https://files.pythonhosted.org/packages/cd/26/b8fee227918465830a0bbba48f54ebf0a5029c3a7d11d4fa973838a79262/awscrt-0.32.2-cp311-abi3-musllinux_1_1_x86_64.whl", hash = "sha256:cfd437122d5a2ec7eb9fffaf2cd8b96543d4a0d7e906b9515b79672005a1607a", size = 4056453, upload-time = "2026-04-24T22:58:52.373Z" },
    { url = "https://files.pythonhosted.org/packages/e3/26/f5b9e9677bf90d1840d4db1513ba92e73601ef82e61a16e747a83493d35c/awscrt-0.32.2-cp311-abi3-win32.whl", hash = "sha256:5197d1e4e780d755632f79f8d32a09a30a9101cccb51ca1694fe25c711b2e801", size = 4066027, upload-time = "2026-04-24T22:58:53.752Z" },
    { url = "https://files.pythonhosted.org/packages/57/0b/fd1798551ecdc8a28d61ecdeda248f99faa3457f83aefa10ab797f466889/awscrt-0.32.2-cp311-abi3-win_amd64.whl", hash = "sha256:80420aa19c074a4c0335f2bd0e4aee3381fa452328d937795a1e0c779f0c052d", size = 4221984, upload-time = "2026-04-24T22:58:55.115Z" },
    { url = "https://files.pythonhosted.org/packages/7b/a3/075e29b39945f398adfb5d5ee4d533e00d37c0f5c68d79b250a1bdb087ba/awscrt-0.32.2-cp313-abi3-macosx_10_15_universal2.whl", hash = "sha256:d2f7aee3bce261ab1ceba1fac404de4d496aa866237161d4257cef92bff9d828", size = 3404901, upload-time = "2026-04-24T22:58:56.492Z" },
    { url = "https://files.pythonhosted.org/packages/e3/41/1c4783b32bf4ec7383156787570ea1221c95c037c2c0f11cbc9e9529ba48/awscrt-0.32.2-cp313-abi3-manylinux2014_aarch64.manylinux_2_17_aarch64.whl", hash = "sha256:ff0fff9c2b613d7fabc298b0fd81f0d7056353f3d20271a852a719c5b2f7ccf4", size = 3897627, upload-time = "2026-04-24T22:58:58.144Z" },
    { url = "https://files.pythonhosted.org/packages/af/2d/5736128847ff4a877d50720ea7a48d7e50a56b78741919e4b6ffabffb1ad/awscrt-0.32.2-cp313-abi3-manylinux2014_x86_64.manylinux_2_17_x86_64.whl", hash = "sha256:79bb11d5d1dfdcfd867aac4a026bee11afbd2154279e12b66588442d8c14bdf7", size = 4189579, upload-time = "2026-04-24T22:58:59.56Z" },
    { url = "https://files.pythonhosted.org/packages/90/f5/064b23d4c927e9b63725ee60c88edb75a1e8f5fd1e97d56d4d6a63fe954b/awscrt-0.32.2-cp313-abi3-musllinux_1_1_aarch64.whl", hash = "sha256:47330f421948207a122092042f235cf82d48fa145c446ff4db12cc8cd3a418b6", size = 3809647, upload-time = "2026-04-24T22:59:00.884Z" },
    { url = "https://files.pythonhosted.org/packages/f5/36/f14ea531cccb6ff85c4d50c9e79e61030675520a393b4af23685d24ea018/awscrt-0.32.2-cp313-abi3-musllinux_1_1_x86_64.whl", hash = "sha256:5ec4d8200eb0158b60e35fbb65faa96ef1eb7763f6ce1192827886ee24c6df99", size = 4051532, upload-time = "2026-04-24T22:59:02.593Z" },
    { url = "https://files.pythonhosted.org/packages/64/aa/b12e721c8148a1bbc58a22cbd204d88d0a6263331049d40c057f9dcd3e11/awscrt-0.32.2-cp313-abi3-win32.whl", hash = "sha256:a81f30a501d2eb6ba52c769cd6ecb3f7005512fba4a533211dc717e1115b0d94", size = 4062484, upload-time = "2026-04-24T22:59:04.251Z" },
    { url = "https://files.pythonhosted.org/packages/5c/26/9f5f23647465a4fe1b28afce334e54a4264e23b69365024c28955f0c4119/awscrt-0.32.2-cp313-abi3-win_amd64.whl", hash = "sha256:8d731edda20dce5afc15a04731d91136a31779a244672d1f0a292a8b04aa0fd3", size = 4220425, upload-time = "2026-04-24T22:59:05.627Z" },
    { url = "https://files.pythonhosted.org/packages/dd/76/18077410c1d7b524a7a7486550bc969218f6575288f66e285157dc78e143/awscrt-0.32.2-cp313-cp313t-macosx_10_15_universal2.whl", hash = "sha256:f2a085d0dd4eef974f2ae5467ae3717d2fc08dd8cd508c4fd7a5acb658c68616", size = 3414715, upload-time = "2026-04-24T22:59:07.01Z" },
    { url = "https://files.pythonhosted.org/packages/d3/12/465d72ea6afffc7829f7f48f408a707d4dab9e3f2b694f4e0e63e011478a/awscrt-0.32.2-cp313-cp313t-manylinux2014_aarch64.manylinux_2_17_aarch64.whl", hash = "sha256:d8a4e52f7312e5e435461119aa903f6424e9996d93a040101fb1eb7b9c4e58dc", size = 4028634, upload-time = "2026-04-24T22:59:08.303Z" },
    { url = "https://files.pythonhosted.org/packages/e0/ee/2e9d3716cf6a24f30b85af24691d473c913c119dc996bcd8c9b2b3fe2c17/awscrt-0.32.2-cp313-cp313t-manylinux2014_x86_64.manylinux_2_17_x86_64.whl", hash = "sha256:6cb3c858e96ba023de691a3b6478bed9fb59085433042dff78c42e59eed19cf2", size = 4311846, upload-time = "2026-04-24T22:59:10.02Z" },
    { url = "https://files.pythonhosted.org/packages/d0/ce/aa08aad92e48929cfe243ed7da5cf039fbb137c391e84af79e88c848a37a/awscrt-0.32.2-cp313-cp313t-musllinux_1_1_aarch64.whl", hash = "sha256:7f92b8f40a104a2a87ea5f428b3799220666ec1450b3a90665867d3715749e91", size = 3952242, upload-time = "2026-04-24T22:59:11.632Z" },
    { url = "https://files.pythonhosted.org/packages/42/e3/09ad98aa7dae9cd3ad578c7721b64e9da03f9a5ed444e518c63e82db05a9/awscrt-0.32.2-cp313-cp313t-musllinux_1_1_x86_64.whl", hash = "sha256:9fd2dbca02f4e22fb5c02d1505327e6e6e9320dbe8ca80fc033cbbb29ed8631a", size = 4187982, upload-time = "2026-04-24T22:59:14.477Z" },
    { url = "https://files.pythonhosted.org/packages/26/be/897b1ad519d83a837d721f4e8a87d98e6f36e5b985fa697f3ffed512a8eb/awscrt-0.32.2-cp313-cp313t-win32.whl", hash = "sha256:023a2f4595804a0f1d61ab49b64dda5612be9bfbe9b13759331e8e31658dda3f", size = 4111958, upload-time = "2026-04-24T22:59:15.857Z" },
    { url = "https://files.pythonhosted.org/packages/71/54/6cca298e8acb6769c8078b39bedbc507f17a3f7fe6ea768d8256d584d4ed/awscrt-0.32.2-cp313-cp313t-win_amd64.whl", hash = "sha256:a2f513f0fb3aafdf7cdf29d7f6f0c46bf4cc7880380c86e88635b7818565e76d", size = 4271679, upload-time = "2026-04-24T22:59:17.425Z" },
    { url = "https://files.pythonhosted.org/packages/c7/09/51fca333d42b53ddb04881f53e3cc0f4462872ac81426fbb34f5d0b1d1fb/awscrt-0.32.2-cp314-cp314t-macosx_10_15_universal2.whl", hash = "sha256:7404cb551046bbe7cd454ea75f88b4a1b26f018d1b9bea83dbe46c174789d835", size = 3414716, upload-time = "2026-04-24T22:59:18.918Z" },
    { url = "https://files.pythonhosted.org/packages/39/3a/0ae52a8dfb0e3c37f0129232d79307c65e6ee1ea13a3cbdcf301aaad0a6a/awscrt-0.32.2-cp314-cp314t-manylinux2014_aarch64.manylinux_2_17_aarch64.whl", hash = "sha256:51d6132e9d70de40da07dfad5f17780a652dd4b351c35ca97c79d0fa0186d645", size = 4028980, upload-time = "2026-04-24T22:59:20.316Z" },
    { url = "https://files.pythonhosted.org/packages/2d/7f/7f52020bfcf29122cad77e936d82abaa1f6857a5a70453e8cc734119f0e2/awscrt-0.32.2-cp314-cp314t-manylinux2014_x86_64.manylinux_2_17_x86_64.whl", hash = "sha256:193cc3ecf03a1dd6f989853b6c21549a0a9750c855520fedc8c3c8fbcd32e1bc", size = 4312564, upload-time = "2026-04-24T22:59:21.851Z" },
    { url = "https://files.pythonhosted.org/packages/25/86/2c9b5479e08b8198459d2a781df5524e45d4d0f9c6329bad26979a4d1e85/awscrt-0.32.2-cp314-cp314t-win32.whl", hash = "sha256:25c7e7e6535cb2d2a4d22fd6264f621672d3903491318364dbc59066b63c7186", size = 4195784, upload-time = "2026-04-24T22:59:23.769Z" },
    { url = "https://files.pythonhosted.org/packages/ab/85/a12515514de8969b9e7fa40bb782501a336a8a985cc3093309120a80b627/awscrt-0.32.2-cp314-cp314t-win_amd64.whl", hash = "sha256:a6782c19a00f354c7b232b675f09cde94d1ca37bcf29009b8779b3f6395b27b4", size = 4366435, upload-time = "2026-04-24T22:59:25.53Z" },
]

[[package]]
name = "boto3"
version = "1.43.67"
source = { registry = "https://pypi.org/simple" }
dependencies = [
    { name = "botocore" },
    { name = "jmespath" },
    { name = "s3transfer" },
]
sdist = { url = "https://files.pythonhosted.org/packages/ad/bf/ef5de9b55523bc2141d072fbe6614627088e3e6f97b47850216e99de6a1c/boto3-1.43.67.tar.gz", hash = "sha256:75fe983b70d39cfdc274dc51f9bb02b8a0a104bdad4fa073c1af85a35e707c91", size = 112665, upload-time = "2026-08-07T19:30:20.418Z" }
wheels = [
    { url = "https://files.pythonhosted.org/packages/77/0f/b41f8968452dc6bf3b83f15f5e9f76a27fd93e246906aeb2e0555f494375/boto3-1.43.67-py3-none-any.whl", hash = "sha256:082cf9df068168cb44028a1703822374c1eb7e48fa49470d7e8a76f0c977d0bc", size = 140025, upload-time = "2026-08-07T19:30:18.49Z" },
]

[[package]]
name = "botocore"
version = "1.43.67"
source = { registry = "https://pypi.org/simple" }
dependencies = [
    { name = "jmespath" },
    { name = "python-dateutil" },
    { name = "urllib3" },
]
sdist = { url = "https://files.pythonhosted.org/packages/53/1c/3a75deae60e36bd0ee5c27d040384756b2ea1c90bd7c8c9658335a18b4f5/botocore-1.43.67.tar.gz", hash = "sha256:6fe5cfa0c8676ba809efe505b618ec00f30d1af2d014bf316a7aa4ee86accb20", size = 15889514, upload-time = "2026-08-07T19:30:15.638Z" }
wheels = [
    { url = "https://files.pythonhosted.org/packages/21/be/38af8e96f3d200c9d34eab8e9f69a4468388ed6030ea04ff012974e5af5a/botocore-1.43.67-py3-none-any.whl", hash = "sha256:48ab8e9fac26fbc2a700d57010251003e6a5f731cf74d8540fb796bc8f3fc0ef", size = 15575924, upload-time = "2026-08-07T19:30:12.116Z" },
]

[[package]]
name = "ijson"
version = "3.5.1"
source = { registry = "https://pypi.org/simple" }
sdist = { url = "https://files.pythonhosted.org/packages/3a/06/b31f040a8764336a11152e474a7abcb3782fedb0d1cdf78f442b82878c56/ijson-3.5.1.tar.gz", hash = "sha256:af40bd1a85f55db0b8b30715c858761306bd92d5590148636f75c3309e6e76bd", size = 69913, upload-time = "2026-07-06T17:37:42.923Z" }
wheels = [
    { url = "https://files.pythonhosted.org/packages/5b/6e/f3ded1ebb85ccc89a30f7b10a0076f30db70ae1d1e0b6423ff93c57b7539/ijson-3.5.1-cp312-cp312-macosx_10_13_universal2.whl", hash = "sha256:ee60c7741012671867678eae71c51872cac938b76f3d4ca40a778e6c361774d2", size = 88643, upload-time = "2026-07-06T17:36:28.529Z" },
    { url = "https://files.pythonhosted.org/packages/ee/f2/18f14a1d79ef4898e746b4f50dcdbe60abab317cc2bd8390f043b9553c4e/ijson-3.5.1-cp312-cp312-macosx_10_13_x86_64.whl", hash = "sha256:11c1d7d36a13054b5872ecd5d745dc4009d9abdbcba2312de69e66c2f92a46d2", size = 60611, upload-time = "2026-07-06T17:36:29.597Z" },
    { url = "https://files.pythonhosted.org/packages/30/c7/6e3e591324fd4c7a7a9e1bc23548bacbd84c0d91766b71f09f13e945e7e9/ijson-3.5.1-cp312-cp312-macosx_11_0_arm64.whl", hash = "sha256:b9517efbe6604bce16f3e50d49b0cd1bdc58917f98cf2eab026599c5c0422991", size = 60447, upload-time = "2026-07-06T17:36:30.747Z" },
    { url = "https://files.pythonhosted.org/packages/4d/a5/9af7be670381ddac26dd55107ed0110b50f5161673b053311db67f510dcc/ijson-3.5.1-cp312-cp312-manylinux1_i686.manylinux_2_28_i686.manylinux_2_5_i686.whl", hash = "sha256:ea4fd7bec203a600b1cc88a492dfe6b75ce4b1b87488a66adcd5406022213f64", size = 139092, upload-time = "2026-07-06T17:36:31.749Z" },
    { url = "https://files.pythonhosted.org/packages/41/fb/f9c1664d75467453e6bd4e5f9cd2211b730b09e049445ab64cbac68cc6a3/ijson-3.5.1-cp312-cp312-manylinux2014_aarch64.manylinux_2_17_aarch64.manylinux_2_28_aarch64.whl", hash = "sha256:350caea815e53151994b597abc80cf669454276b5ac6aadcec69ef6d48f7e90b", size = 149921, upload-time = "2026-07-06T17:36:32.912Z" },
    { url = "https://files.pythonhosted.org/packages/43/80/d20b1c49c4aa7cc6644131e2e57192b45346ef4816566ed1cd9fd05bae38/ijson-3.5.1-cp312-cp312-manylinux2014_x86_64.manylinux_2_17_x86_64.manylinux_2_28_x86_64.whl", hash = "sha256:e4fcebfe1685bb7ba06a8255a5d428ea6b4b895d7acf979cb637d8bbc9db2f47", size = 149848, upload-time = "2026-07-06T17:36:34.032Z" },
    { url = "https://files.pythonhosted.org/packages/fd/fc/5baa710869f5ab939e6233583ced1546889b55c35f35b844c518ac10abc3/ijson-3.5.1-cp312-cp312-musllinux_1_2_aarch64.whl", hash = "sha256:d78f362f51c8691798758a9e6ac3c9d385ee1228cb82987c91562a2fae235cd3", size = 150810, upload-time = "2026-07-06T17:36:35.19Z" },
    { url = "https://files.pythonhosted.org/packages/54/16/a12b3d987a5c1677b04557c6f9b9feb7e04b7d4171e9a344856cb9136e9b/ijson-3.5.1-cp312-cp312-musllinux_1_2_i686.whl", hash = "sha256:0b184180d45f85fd4479659582749b109e49f4a29c21ac700ccc9c2280fe015e", size = 142989, upload-time = "2026-07-06T17:36:36.23Z" },
    { url = "https://files.pythonhosted.org/packages/ed/63/1026c535671fc334fc85aeb78f0945c825e7a338575edc753c0f455459ae/ijson-3.5.1-cp312-cp312-musllinux_1_2_x86_64.whl", hash = "sha256:e353891d33a2e6aa5caf72c2a5fbadd7a46f5f9b32dcfd0c84113b2444c255b8", size = 151702, upload-time = "2026-07-06T17:36:37.296Z" },
    { url = "https://files.pythonhosted.org/packages/cb/af/b58aa3a2bf4d31c388ea78b49826605f60932891ce97e404d196766b4ea3/ijson-3.5.1-cp312-cp312-win32.whl", hash = "sha256:936f28671f018f8ac4d3f003ae9fa01d0467ab4ef4cfd0c97f23beda485b61c6", size = 52613, upload-time = "2026-07-06T17:36:38.345Z" },
    { url = "https://files.pythonhosted.org/packages/04/66/ce70a92949c2a753dad91fdd5761dc14f3a44517e80cfc3c26612982ed61/ijson-3.5.1-cp312-cp312-win_amd64.whl", hash = "sha256:322c783f3ee0c6b383bbd4db88370b10172168808cc2a0bf811f1253f7435602", size = 54729, upload-time = "2026-07-06T17:36:39.337Z" },
    { url = "https://files.pythonhosted.org/packages/a5/ff/e17784240c9cf1d58de2f2853ebaf9cc54f6bce117a1f12a6150bbb4a5aa/ijson-3.5.1-cp312-cp312-win_arm64.whl", hash = "sha256:e2ac204b59f09e38e16d277f906240e9fd38780e42076599419265af183dc4b4", size = 53714, upload-time = "2026-07-06T17:36:40.308Z" },
    { url = "https://files.pythonhosted.org/packages/fd/c0/5384ccf4fc497ae3dc79a5a28561b05518b503ade29daf3898168d640406/ijson-3.5.1-cp313-cp313-macosx_10_13_universal2.whl", hash = "sha256:3c0556d628443d3e871f414855313b2ae6cd9faa0104de3316bd8db03aab1589", size = 88652, upload-time = "2026-07-06T17:36:41.278Z" },
    { url = "https://files.pythonhosted.org/packages/8e/42/58769b8b6d614adb15c2c938c77bcdbfadfba8b1d21a98b5b09cb8961adc/ijson-3.5.1-cp313-cp313-macosx_10_13_x86_64.whl", hash = "sha256:12aa7fcf46f0fdc8e9e7cf37541e1dc20ac3f9243a23f4d346ab5395f72b0fe2", size = 60607, upload-time = "2026-07-06T17:36:42.697Z" },
    { url = "https://files.pythonhosted.org/packages/db/4a/8322c2824c24184880587bbca45531127a21a4b3bfc897f13427fea02424/ijson-3.5.1-cp313-cp313-macosx_11_0_arm64.whl", hash = "sha256:a96066d8c12a18ce2fa90579f2bbf991377cb71725874932e4a5d855226c162a", size = 60447, upload-time = "2026-07-06T17:36:43.791Z" },
    { url = "https://files.pythonhosted.org/packages/f4/43/7bdca8f733c45ce97f61a64fadd3e51d255c4c9b467345cbf71ccc7bb368/ijson-3.5.1-cp313-cp313-manylinux1_i686.manylinux_2_28_i686.manylinux_2_5_i686.whl", hash = "sha256:a19413a092d458a57aaa574fec08e265851d3b5c6e018377f426cd5e70b91280", size = 138889, upload-time = "2026-07-06T17:36:45.081Z" },
    { url = "https://files.pythonhosted.org/packages/e7/dc/e8a2e63700ab1d63aaf3fa38c454f8178eaa5b80a6d7c019d1d61b490a6c/ijson-3.5.1-cp313-cp313-manylinux2014_aarch64.manylinux_2_17_aarch64.manylinux_2_28_aarch64.whl", hash = "sha256:65974568748678165d7e90e3e7ce2f7c233cfe4de6c37fbb0760941c97e14632", size = 149933, upload-time = "2026-07-06T17:36:46.312Z" },
    { url = "https://files.pythonhosted.org/packages/d9/56/640a4d980f7f2c11e399a7fd5ccb9e3d3c9e1dec3a1d5a10024570697c25/ijson-3.5.1-cp313-cp313-manylinux2014_x86_64.manylinux_2_17_x86_64.manylinux_2_28_x86_64.whl", hash = "sha256:bad5d55c99c89de8cd0a4cded51f86427ba3353c4dccca37ec2e32e06f26b437", size = 149857, upload-time = "2026-07-06T17:36:47.309Z" },
    { url = "https://files.pythonhosted.org/packages/3d/a1/c953e22c83992b69ae538a83b3678d28768f1a48042fc7794733423a5ce7/ijson-3.5.1-cp313-cp313-musllinux_1_2_aarch64.whl", hash = "sha256:1a38d503ce343952e88edfd9a27296a4ec96af7073a9db58b3df6233367f75fc", size = 151141, upload-time = "2026-07-06T17:36:48.405Z" },
    { url = "https://files.pythonhosted.org/packages/9e/ab/8fe5b7269b140e6e5f8837a33ce980fd9b67c70d0f8114289ed1cea4dace/ijson-3.5.1-cp313-cp313-musllinux_1_2_i686.whl", hash = "sha256:2f41982c73896acab4a2a14faa14e152e444bd69f37c3139204429fd3fe65a10", size = 143112, upload-time = "2026-07-06T17:36:50.353Z" },
    { url = "https://files.pythonhosted.org/packages/78/f3/23d1284edcde50ba337ddfba5b5d59f8273084d98b28af94715e73dd2b64/ijson-3.5.1-cp313-cp313-musllinux_1_2_x86_64.whl", hash = "sha256:3321fede2b638d400de0036889a3a25c3bb689feb8df45e70a393346aad6194f", size = 152184, upload-time = "2026-07-06T17:36:51.536Z" },
    { url = "https://files.pythonhosted.org/packages/82/4e/df61be89dd295e4da722ec96ba03b1765bcb2becdaaaede9c96a7d2365b6/ijson-3.5.1-cp313-cp313-win32.whl", hash = "sha256:af6ddbd10ac9bce87a835f2de3ec61455ec435c54e7e0ba7b17c31c66de6f164", size = 52607, upload-time = "2026-07-06T17:36:52.596Z" },
    { url = "https://files.pythonhosted.org/packages/4a/d9/03e5dbd3ef7e0cee06fbef0f87b91d7ce1c07fae9b5a1b0ca8b895de62c4/ijson-3.5.1-cp313-cp313-win_amd64.whl", hash = "sha256:1de3de278b0ffb40338374ad2a730e1c56f933e0706b1815ebeb07b82239b1a3", size = 54730, upload-time = "2026-07-06T17:36:53.526Z" },
    { url = "https://files.pythonhosted.org/packages/38/30/4f37076c88a96a1a5e44df38b59fade4f59eaef87ef8b5162d55b2d426d5/ijson-3.5.1-cp313-cp313-win_arm64.whl", hash = "sha256:c8a36a19b92cb7172c6448ab94f446033cfa3129dc4894aebe205f96b3fabf42", size = 53719, upload-time = "2026-07-06T17:36:54.592Z" },
    { url = "https://files.pythonhosted.org/packages/f9/17/54f9180c0da9a9e96e5b3791bc74093f029a2344678b4da218c2699465bf/ijson-3.5.1-cp314-cp314-macosx_10_15_universal2.whl", hash = "sha256:21e1a250b254edba2f0dd7272a4c56f0a879aabe328d9e306dd1fc115f560e74", size = 89223, upload-time = "2026-07-06T17:36:55.534Z" },
    { url = "https://files.pythonhosted.org/packages/09/70/0ee0d2627c534174455a745ca25284797e71b0d6e2b2a1b31cc914e7b462/ijson-3.5.1-cp314-cp314-macosx_10_15_x86_64.whl", hash = "sha256:e01f95433725e2df62d682ff88e4a57bb694385ff2362bc364adec961167ae04", size = 60831, upload-time = "2026-07-06T17:36:56.554Z" },
    { url = "https://files.pythonhosted.org/packages/8d/e6/56f64ba7a3e7a25d9a9fbbeb4c30597d6b76c1094cc2041d11a3224b562c/ijson-3.5.1-cp314-cp314-macosx_11_0_arm64.whl", hash = "sha256:539e8d6cca079bcbb68c390e55148f908e0a943a34f7dd321248637c6272adca", size = 60752, upload-time = "2026-07-06T17:36:57.826Z" },
    { url = "https://files.pythonhosted.org/packages/3e/2b/5a55db881f1b043cd6d5716578937a60ac16348be1a3afbf846b21cf4b44/ijson-3.5.1-cp314-cp314-manylinux1_i686.manylinux_2_28_i686.manylinux_2_5_i686.whl", hash = "sha256:32f64051be2f990d8ae7b614b5abdf4a7bead510ce3666568d7403c6c46ce4d8", size = 140783, upload-time = "2026-07-06T17:36:58.984Z" },
    { url = "https://files.pythonhosted.org/packages/2e/61/f7783cc18672dc31544141139efd187fb34795d24e573fed6abea6b776c7/ijson-3.5.1-cp314-cp314-manylinux2014_aarch64.manylinux_2_17_aarch64.manylinux_2_28_aarch64.whl", hash = "sha256:cd0dfc5a788d0b0c2f1eab258b9dabdeefc631ca8ef87644a999f633b0b2555a", size = 149976, upload-time = "2026-07-06T17:37:00.235Z" },
    { url = "https://files.pythonhosted.org/packages/5f/d6/4182dd63b6b70eae4f5208c53558a050895a40734dff283463033c153742/ijson-3.5.1-cp314-cp314-manylinux2014_x86_64.manylinux_2_17_x86_64.manylinux_2_28_x86_64.whl", hash = "sha256:42bfda7858d99ee9777ec28cb6d347928249eefeb577f9b0a67503c18f7ebb6a", size = 149317, upload-time = "2026-07-06T17:37:01.476Z" },
    { url = "https://files.pythonhosted.org/packages/01/b1/a675e4a9b428a0ef556e7d718bf0e6885e3e5543042248a1a7030899a3d4/ijson-3.5.1-cp314-cp314-musllinux_1_2_aarch64.whl", hash = "sha256:c4b9a28e9719d1aebebe93ad8dc2ba87f4e2d9035043b196c1c07ef8530b44cc", size = 150555, upload-time = "2026-07-06T17:37:02.676Z" },
    { url = "https://files.pythonhosted.org/packages/b5/69/52686f56b44af63a93c3dc3f5bcfa07f87427d9aea4d2cbe3e1c94188c74/ijson-3.5.1-cp314-cp314-musllinux_1_2_i686.whl", hash = "sha256:9a0b25c750a6bde14a0b31f1dcbfc86368e50767e3eaa73bb138e54128055edd", size = 144485, upload-time = "2026-07-06T17:37:03.779Z" },
    { url = "https://files.pythonhosted.org/packages/f0/46/10554e817dde56300a8414e52c0f5a44a29f3440327cd6d829ece57759b3/ijson-3.5.1-cp314-cp314-musllinux_1_2_x86_64.whl", hash = "sha256:bd756f7b22df745ac14b7bc2ab9ed7c190a222e4c8e1bef26ef1162af8e54d0f", size = 151470, upload-time = "2026-07-06T17:37:04.901Z" },
    { url = "https://files.pythonhosted.org/packages/91/82/f37cbb110b48abdb623d169d0e196f2f6e064e2c20fa789ecde6e69b0440/ijson-3.5.1-cp314-cp314-win32.whl", hash = "sha256:e035cdfb2a1446b13881f0dfc0eecd1541cbb17a27a938ded2160ae6ce25051b", size = 53219, upload-time = "2026-07-06T17:37:06.254Z" },
    { url = "https://files.pythonhosted.org/packages/00/58/792df8f001c246c8ff28f860de81d35ea0d797c0d3276c22a2af83089656/ijson-3.5.1-cp314-cp314-win_amd64.whl", hash = "sha256:eeb2fb2daa5dd30326f93db465d0855b34aa6b1f52a7c0ff94522aec5ad57dfb", size = 55485, upload-time = "2026-07-06T17:37:07.242Z" },
    { url = "https://files.pythonhosted.org/packages/c0/3c/db3ccc22c09ed4738787e8d82fff76101aa81ec8de7eaf6572e065e012d3/ijson-3.5.1-cp314-cp314-win_arm64.whl", hash = "sha256:a96ab35d7ce2129dfde49c4c807596443410e260d7f7a4ca8fe4d0035553b589", size = 54390, upload-time = "2026-07-06T17:37:08.497Z" },
    { url = "https://files.pythonhosted.org/packages/26/59/eefa5d9488250c03f24152576804205ae40e29cac0dc65cbbc5f3d422008/ijson-3.5.1-cp314-cp314t-macosx_10_15_universal2.whl", hash = "sha256:77b68e91f95fb16ac2e7819903cd545db6cffa308c28833cc34911e6b21e91dd", size = 93177, upload-time = "2026-07-06T17:37:09.71Z" },
    { url = "https://files.pythonhosted.org/packages/88/db/6329eb7bb9f1906c1906fc10e7074b8f08bf39b7d50baa58f1b597d48898/ijson-3.5.1-cp314-cp314t-macosx_10_15_x86_64.whl", hash = "sha256:94a95065b1ac67602af0cec852b07505abc37b77e3774d1c801d935d05e48f82", size = 62891, upload-time = "2026-07-06T17:37:10.735Z" },
    { url = "https://files.pythonhosted.org/packages/fc/d0/b3beddb96eef0b20bb9902c36e4de30f145be06d7e5e1d780e1a1689d0ce/ijson-3.5.1-cp314-cp314t-macosx_11_0_arm64.whl", hash = "sha256:b70b5da6b0571da8f601a437c4fba2d35bc27739637d85f3acdc8f88916ce68e", size = 62575, upload-time = "2026-07-06T17:37:11.681Z" },
    { url = "https://files.pythonhosted.org/packages/5b/01/95f3a7c27d25bb917954ef0c8e86d0e60f585b9db675cbd05d355f54cce8/ijson-3.5.1-cp314-cp314t-manylinux1_i686.manylinux_2_28_i686.manylinux_2_5_i686.whl", hash = "sha256:0ade373dd765b057b1dec05d7711bfeb5a36f1e825259466d9f545cfd8ef3ba3", size = 200568, upload-time = "2026-07-06T17:37:12.743Z" },
    { url = "https://files.pythonhosted.org/packages/77/61/c94ee4ea1f22318aab9a49b35d0ce8ac87dd24d508ea4c77dcbde362ba5e/ijson-3.5.1-cp314-cp314t-manylinux2014_aarch64.manylinux_2_17_aarch64.manylinux_2_28_aarch64.whl", hash = "sha256:882bc0bdd25d41eae90a15695cd50707edde0978b8b72a2532e30442dd8fd04c", size = 217956, upload-time = "2026-07-06T17:37:14.041Z" },
    { url = "https://files.pythonhosted.org/packages/1a/82/43e8d225aea5ee00eef7998c8ce41f344f7ba451329dfa9e92f4700813af/ijson-3.5.1-cp314-cp314t-manylinux2014_x86_64.manylinux_2_17_x86_64.manylinux_2_28_x86_64.whl", hash = "sha256:451901c36e12fa87cbb1cafe661bd25c08c6bd7900cc738279614f71cea07048", size = 208403, upload-time = "2026-07-06T17:37:15.201Z" },
    { url = "https://files.pythonhosted.org/packages/cf/6f/375f67fad76677aca9bc0817b2b18fdd231d309fe24e26b19a5556ef6cdd/ijson-3.5.1-cp314-cp314t-musllinux_1_2_aarch64.whl", hash = "sha256:e3c5f660658f2ebfba5d4dfe4bafe8cd3a0defcda410ec08d2205fe08c398940", size = 211967, upload-time = "2026-07-06T17:37:16.484Z" },
    { url = "https://files.pythonhosted.org/packages/dc/53/4c754c3ba18ec70b7086b91a4abd368358fc47cc9b3871afd50deef4fea1/ijson-3.5.1-cp314-cp314t-musllinux_1_2_i686.whl", hash = "sha256:29eb8f0c77a296a10843a1714ad4a5d561e604cda3c88585e9012cf2c1729b0a", size = 201020, upload-time = "2026-07-06T17:37:18.017Z" },
    { url = "https://files.pythonhosted.org/packages/26/2d/3e7191b3222a31c378b827565b4fa64676a293441279f84db3d971720bf5/ijson-3.5.1-cp314-cp314t-musllinux_1_2_x86_64.whl", hash = "sha256:85997568d6b304cfa59d5c3f2b04f95b92e9a8c7f57d312343a7989cf8dfff85", size = 205584, upload-time = "2026-07-06T17:37:19.343Z" },
    { url = "https://files.pythonhosted.org/packages/24/11/55ae9c915e68f37c8698f8b09355071dc808ced5e9d4abf8238dc363f500/ijson-3.5.1-cp314-cp314t-win32.whl", hash = "sha256:c2e2509dc7f2fa5a2ac9ba7d15dd901f4093bd36b0784f65e04b681b7956651c", size = 54438, upload-time = "2026-07-06T17:37:20.656Z" },
    { url = "https://files.pythonhosted.org/packages/96/df/5bf2656447f14a923d25a0401b1cd628ca05c23041d3a4c116ae8d44dc39/ijson-3.5.1-cp314-cp314t-win_amd64.whl", hash = "sha256:2699e838099d056818c5f8e4ba702b345d0304e58847bdc79c5c1616d5d750a5", size = 56467, upload-time = "2026-07-06T17:37:21.615Z" },
    { url = "https://files.pythonhosted.org/packages/4e/e4/dec06e84fac704039625039c6b116a44f17ad72fda48b8f88a2493364b77/ijson-3.5.1-cp314-cp314t-win_arm64.whl", hash = "sha256:c388f85cbb9eec022b2bdedd23ffacfe7ab100c1200b1f47bee6e6ea2c3309fa", size = 55774, upload-time = "2026-07-06T17:37:22.958Z" },
]

[[package]]
name = "jmespath"
version = "1.1.0"
source = { registry = "https://pypi.org/simple" }
sdist = { url = "https://files.pythonhosted.org/packages/d3/59/322338183ecda247fb5d1763a6cbe46eff7222eaeebafd9fa65d4bf5cb11/jmespath-1.1.0.tar.gz", hash = "sha256:472c87d80f36026ae83c6ddd0f1d05d4e510134ed462851fd5f754c8c3cbb88d", size = 27377, upload-time = "2026-01-22T16:35:26.279Z" }
wheels = [
    { url = "https://files.pythonhosted.org/packages/14/2f/967ba146e6d58cf6a652da73885f52fc68001525b4197effc174321d70b4/jmespath-1.1.0-py3-none-any.whl", hash = "sha256:a5663118de4908c91729bea0acadca56526eb2698e83de10cd116ae0f4e97c64", size = 20419, upload-time = "2026-01-22T16:35:24.919Z" },
]

[[package]]
name = "python-dateutil"
version = "2.9.0.post0"
source = { registry = "https://pypi.org/simple" }
dependencies = [
    { name = "six" },
]
sdist = { url = "https://files.pythonhosted.org/packages/66/c0/0c8b6ad9f17a802ee498c46e004a0eb49bc148f2fd230864601a86dcf6db/python-dateutil-2.9.0.post0.tar.gz", hash = "sha256:37dd54208da7e1cd875388217d5e00ebd4179249f90fb72437e91a35459a0ad3", size = 342432, upload-time = "2024-03-01T18:36:20.211Z" }
wheels = [
    { url = "https://files.pythonhosted.org/packages/ec/57/56b9bcc3c9c6a792fcbaf139543cee77261f3651ca9da0c93f5c1221264b/python_dateutil-2.9.0.post0-py2.py3-none-any.whl", hash = "sha256:a8b2bc7bffae282281c8140a97d3aa9c14da0b136dfe83f850eea9a5f7470427", size = 229892, upload-time = "2024-03-01T18:36:18.57Z" },
]

[[package]]
name = "python-flux-tts"
version = "0.1.0"
source = { virtual = "." }
dependencies = [
    { name = "aws-sdk-sagemaker-runtime-http2" },
    { name = "boto3" },
]

[package.metadata]
requires-dist = [
    { name = "aws-sdk-sagemaker-runtime-http2" },
    { name = "boto3", specifier = ">=1.42.34" },
]

[[package]]
name = "s3transfer"
version = "0.19.2"
source = { registry = "https://pypi.org/simple" }
dependencies = [
    { name = "botocore" },
]
sdist = { url = "https://files.pythonhosted.org/packages/76/43/35e4d8aa320bffe8287fe8f65f578fa2d2db0a64212f0e710dce58267854/s3transfer-0.19.2.tar.gz", hash = "sha256:ba0309fd86be3c27dbf78cdd813c13c5e1df16e5874b99d2535ebbdfb9892993", size = 165592, upload-time = "2026-07-22T19:30:44.432Z" }
wheels = [
    { url = "https://files.pythonhosted.org/packages/bc/e7/5c595c75e9f41a44f30e526eda465ea0b4eec93470e074e4a111b253f13a/s3transfer-0.19.2-py3-none-any.whl", hash = "sha256:d8168eccca828cbb2cd573675333f3bddd254313a9c42494b84c76b539e8ba25", size = 90216, upload-time = "2026-07-22T19:30:43.251Z" },
]

[[package]]
name = "six"
version = "1.17.0"
source = { registry = "https://pypi.org/simple" }
sdist = { url = "https://files.pythonhosted.org/packages/94/e7/b2c673351809dca68a0e064b6af791aa332cf192da575fd474ed7d6f16a2/six-1.17.0.tar.gz", hash = "sha256:ff70335d468e7eb6ec65b95b99d3a2836546063f63acc5171de367e834932a81", size = 34031, upload-time = "2024-12-04T17:35:28.174Z" }
wheels = [
    { url = "https://files.pythonhosted.org/packages/b7/ce/149a00dd41f10bc29e5921b496af8b574d8413afcd5e30dfa0ed46c2cc5e/six-1.17.0-py2.py3-none-any.whl", hash = "sha256:4721f391ed90541fddacab5acf947aa0d3dc7d27b2e1e8eda2be8970586c3274", size = 11050, upload-time = "2024-12-04T17:35:26.475Z" },
]

[[package]]
name = "smithy-aws-core"
version = "0.8.0"
source = { registry = "https://pypi.org/simple" }
dependencies = [
    { name = "aws-sdk-signers" },
    { name = "smithy-core" },
    { name = "smithy-http" },
]
sdist = { url = "https://files.pythonhosted.org/packages/8a/f4/e73c518fb41e8a47b75df6a715732faf306897e4fca6eeba5d077416a4bf/smithy_aws_core-0.8.0.tar.gz", hash = "sha256:c99c6765ed2fe7e96d24c177a154b9b94aa7aa15761f613d38c54be4e779f27d", size = 30909, upload-time = "2026-07-31T22:24:57.927Z" }
wheels = [
    { url = "https://files.pythonhosted.org/packages/62/6b/4e49a1d1dd68ff2807a7ad339857dfae0391902a8df2707afb2050afe3d9/smithy_aws_core-0.8.0-py3-none-any.whl", hash = "sha256:c40c126d843299b6016f4a147f1de06af77bb1bbcb3ea44ffe4116f719e695f0", size = 49071, upload-time = "2026-07-31T22:24:58.769Z" },
]

[package.optional-dependencies]
eventstream = [
    { name = "smithy-aws-event-stream" },
]
json = [
    { name = "smithy-json" },
]

[[package]]
name = "smithy-aws-event-stream"
version = "0.3.0"
source = { registry = "https://pypi.org/simple" }
dependencies = [
    { name = "smithy-core" },
]
sdist = { url = "https://files.pythonhosted.org/packages/38/0e/6efb3a4ed92c0f1ada6de060ac92e7115a1e34d0ab1fb99a6056734a88ea/smithy_aws_event_stream-0.3.0.tar.gz", hash = "sha256:a0e227367a973144e205a075d0a424f95c92f26656a1018d08900da2ae547c49", size = 12818, upload-time = "2026-05-05T18:04:14.317Z" }
wheels = [
    { url = "https://files.pythonhosted.org/packages/ff/b4/c4c4a9aa5a4cf3ee285f1bd71999441177c651d911a82a6e64c57b6e3e65/smithy_aws_event_stream-0.3.0-py3-none-any.whl", hash = "sha256:8b505cc28230e4fe9c5e025333209b44ca2db560451ac9ed9a7d74939edf4413", size = 15845, upload-time = "2026-05-05T18:04:13.351Z" },
]

[[package]]
name = "smithy-core"
version = "0.7.0"
source = { registry = "https://pypi.org/simple" }
sdist = { url = "https://files.pythonhosted.org/packages/36/05/2d2ea861eb873ef6331ba2c921243d2eaa4ba7430c4ca24422f5f168cec2/smithy_core-0.7.0.tar.gz", hash = "sha256:467779707f60551a092845737e81be5f94358aa2df78cb1eb9888c31c1acf9c2", size = 52295, upload-time = "2026-07-31T22:24:53.874Z" }
wheels = [
    { url = "https://files.pythonhosted.org/packages/07/08/c8d1a86c8eb06aaba9dd6129499c40a6204ee57b39dd9f0ba9f301e6b5e1/smithy_core-0.7.0-py3-none-any.whl", hash = "sha256:394a195df64121c8d0539bd6404fb24a65d0f705278de18c2b924735ae5076bd", size = 67046, upload-time = "2026-07-31T22:24:54.842Z" },
]

[[package]]
name = "smithy-http"
version = "0.4.3"
source = { registry = "https://pypi.org/simple" }
dependencies = [
    { name = "smithy-core" },
]
sdist = { url = "https://files.pythonhosted.org/packages/1e/d1/b857d2b9d8aef45a978d99d6f1818ba0cbcc4375b4fd06a90928787c4688/smithy_http-0.4.3.tar.gz", hash = "sha256:74022d52f2b6d62d2fc40194b0143304ceac6ac0da510cf100621afa7ed76232", size = 30002, upload-time = "2026-07-31T22:24:55.997Z" }
wheels = [
    { url = "https://files.pythonhosted.org/packages/95/b6/06eb421d5ec8147f66ec6cea6eee7cfeca695ca468122e4aa54f121ec040/smithy_http-0.4.3-py3-none-any.whl", hash = "sha256:2721b02c702f477bbdf9d2e58700f9cd5295236e762d04721a4ce020fd581bc1", size = 41284, upload-time = "2026-07-31T22:24:56.837Z" },
]

[package.optional-dependencies]
awscrt = [
    { name = "awscrt" },
]

[[package]]
name = "smithy-json"
version = "0.2.3"
source = { registry = "https://pypi.org/simple" }
dependencies = [
    { name = "ijson" },
    { name = "smithy-core" },
]
sdist = { url = "https://files.pythonhosted.org/packages/b9/6c/418b5687d8933b7a135d5e1a98c61fe814b98f72517dbae0e666860cb876/smithy_json-0.2.3.tar.gz", hash = "sha256:686e9b55a36dacb08e472732b358573ef78009055e05e9fce2e806d61490b2b3", size = 7805, upload-time = "2026-06-23T04:04:47.71Z" }
wheels = [
    { url = "https://files.pythonhosted.org/packages/3c/14/eabb26b355415bcd9feef27fb5b18f1dad3fabd4208cfcbaf152025fa9ae/smithy_json-0.2.3-py3-none-any.whl", hash = "sha256:594e1bbe3d480963237f8fd0fc648dbd4e988b4503fea90157b5f07706796327", size = 10252, upload-time = "2026-06-23T04:04:48.46Z" },
]

[[package]]
name = "urllib3"
version = "2.7.0"
source = { registry = "https://pypi.org/simple" }
sdist = { url = "https://files.pythonhosted.org/packages/53/0c/06f8b233b8fd13b9e5ee11424ef85419ba0d8ba0b3138bf360be2ff56953/urllib3-2.7.0.tar.gz", hash = "sha256:231e0ec3b63ceb14667c67be60f2f2c40a518cb38b03af60abc813da26505f4c", size = 433602, upload-time = "2026-05-07T16:13:18.596Z" }
wheels = [
    { url = "https://files.pythonhosted.org/packages/7f/3e/5db95bcf282c52709639744ca2a8b149baccf648e39c8cc87553df9eae0c/urllib3-2.7.0-py3-none-any.whl", hash = "sha256:9fb4c81ebbb1ce9531cce37674bbc6f1360472bc18ca9a553ede278ef7276897", size = 131087, upload-time = "2026-05-07T16:13:17.151Z" },
]
