version = 1
revision = 3
requires-python = ">=3.12"

[[package]]
name = "aws-sdk-sagemaker-runtime-http2"
version = "0.6.0"
source = { registry = "https://pypi.org/simple" }
dependencies = [
    { name = "smithy-aws-core", extra = ["eventstream", "json"] },
    { name = "smithy-core" },
    { name = "smithy-http", extra = ["awscrt"] },
]
sdist = { url = "https://files.pythonhosted.org/packages/12/22/a083cd66ed053c8e40bb4be4ff1fea6d2958ea53734fec18bbbe16edc7e2/aws_sdk_sagemaker_runtime_http2-0.6.0.tar.gz", hash = "sha256:19dd014bec171956a6cdca9ce17423cd4554712c9ae776939313a2173c6d5b0e", size = 27020, upload-time = "2026-05-05T18:04:18.433Z" }
wheels = [
    { url = "https://files.pythonhosted.org/packages/7a/54/a7bd6923d91a754ea022151fd551787eb85c380474e79a28aca3288e3133/aws_sdk_sagemaker_runtime_http2-0.6.0-py3-none-any.whl", hash = "sha256:b8003dcb54986c79d59ebaac81d59900b8f753759d685d61dea7c1f8c0bd9f4f", size = 21868, upload-time = "2026-05-05T18:04:17.487Z" },
]

[[package]]
name = "aws-sdk-signers"
version = "0.3.0"
source = { registry = "https://pypi.org/simple" }
sdist = { url = "https://files.pythonhosted.org/packages/48/62/30685f9a096ad834409771a567065cd25094d3a5124874e1d7e373f17dd7/aws_sdk_signers-0.3.0.tar.gz", hash = "sha256:6fd654ea3dafe3ae3cf172fb3bd1e81877fe6e18156e0b638ccefb045ffb420c", size = 18590, upload-time = "2026-05-05T18:04:09.914Z" }
wheels = [
    { url = "https://files.pythonhosted.org/packages/30/91/25405e647de8dea8419812e85bcb341323500905f4f55fc23cf488b7a2a4/aws_sdk_signers-0.3.0-py3-none-any.whl", hash = "sha256:098c7784064931d2da968400fc0466e092a7c271a79fac9d55daa4a7c35fd6f1", size = 21999, upload-time = "2026-05-05T18:04:08.971Z" },
]

[[package]]
name = "awscrt"
version = "0.32.2"
source = { registry = "https://pypi.org/simple" }
sdist = { url = "https://files.pythonhosted.org/packages/92/cb/980fe60c4209af71d036276217f8b9f372f958e290c15d2849a3de4dcd23/awscrt-0.32.2.tar.gz", hash = "sha256:a4f48805e8a66237923f03b7b692d213994cff42d1ff08125d1d60c74fcaf872", size = 36862073, upload-time = "2026-04-24T22:59:55.835Z" }
wheels = [
    { url = "https://files.pythonhosted.org/packages/03/99/a6c712a2f638c766b0879da0eacd9fe5695c64deb89c0357bcc4f1f4df9b/awscrt-0.32.2-cp311-abi3-macosx_10_15_universal2.whl", hash = "sha256:32785f54d0786e07b6491b51f9c2f75ea9e17decd39bb6b66fdc60cd871a49ef", size = 3406247, upload-time = "2026-04-24T22:58:46.268Z" },
    { url = "https://files.pythonhosted.org/packages/a7/03/665c81f3b9d3c56fcdfb8f353c22501bc538d192c431cfaaf307f867d404/awscrt-0.32.2-cp311-abi3-manylinux2014_aarch64.manylinux_2_17_aarch64.whl", hash = "sha256:f8a586c52f41ff14c2f1b8afeb764e231ad3d66acfd42a6b9fb6c8afd8da8fe2", size = 3906890, upload-time = "2026-04-24T22:58:47.96Z" },
    { url = "https://files.pythonhosted.org/packages/31/ad/5db0691a0c72d55a17c03c47149cf15d4602b83b470355c322c9a7f115e8/awscrt-0.32.2-cp311-abi3-manylinux2014_x86_64.manylinux_2_17_x86_64.whl", hash = "sha256:3ef1664588d35dcad2115377120667e689cd7a517da52a481373c9536811ed96", size = 4196631, upload-time = "2026-04-24T22:58:49.244Z" },
    { url = "https://files.pythonhosted.org/packages/9a/66/63a4654b2996158f33e88d74d79178a5812d94a7e0d6c94ec475115dff18/awscrt-0.32.2-cp311-abi3-musllinux_1_1_aarch64.whl", hash = "sha256:7ed7c209136650fe25659436bb4150e5af6eb43d71a0bf294f0bf414428736ee", size = 3818090, upload-time = "2026-04-24T22:58:50.657Z" },
    { url = "https://files.pythonhosted.org/packages/cd/26/b8fee227918465830a0bbba48f54ebf0a5029c3a7d11d4fa973838a79262/awscrt-0.32.2-cp311-abi3-musllinux_1_1_x86_64.whl", hash = "sha256:cfd437122d5a2ec7eb9fffaf2cd8b96543d4a0d7e906b9515b79672005a1607a", size = 4056453, upload-time = "2026-04-24T22:58:52.373Z" },
    { url = "https://files.pythonhosted.org/packages/e3/26/f5b9e9677bf90d1840d4db1513ba92e73601ef82e61a16e747a83493d35c/awscrt-0.32.2-cp311-abi3-win32.whl", hash = "sha256:5197d1e4e780d755632f79f8d32a09a30a9101cccb51ca1694fe25c711b2e801", size = 4066027, upload-time = "2026-04-24T22:58:53.752Z" },
    { url = "https://files.pythonhosted.org/packages/57/0b/fd1798551ecdc8a28d61ecdeda248f99faa3457f83aefa10ab797f466889/awscrt-0.32.2-cp311-abi3-win_amd64.whl", hash = "sha256:80420aa19c074a4c0335f2bd0e4aee3381fa452328d937795a1e0c779f0c052d", size = 4221984, upload-time = "2026-04-24T22:58:55.115Z" },
    { url = "https://files.pythonhosted.org/packages/7b/a3/075e29b39945f398adfb5d5ee4d533e00d37c0f5c68d79b250a1bdb087ba/awscrt-0.32.2-cp313-abi3-macosx_10_15_universal2.whl", hash = "sha256:d2f7aee3bce261ab1ceba1fac404de4d496aa866237161d4257cef92bff9d828", size = 3404901, upload-time = "2026-04-24T22:58:56.492Z" },
    { url = "https://files.pythonhosted.org/packages/e3/41/1c4783b32bf4ec7383156787570ea1221c95c037c2c0f11cbc9e9529ba48/awscrt-0.32.2-cp313-abi3-manylinux2014_aarch64.manylinux_2_17_aarch64.whl", hash = "sha256:ff0fff9c2b613d7fabc298b0fd81f0d7056353f3d20271a852a719c5b2f7ccf4", size = 3897627, upload-time = "2026-04-24T22:58:58.144Z" },
    { url = "https://files.pythonhosted.org/packages/af/2d/5736128847ff4a877d50720ea7a48d7e50a56b78741919e4b6ffabffb1ad/awscrt-0.32.2-cp313-abi3-manylinux2014_x86_64.manylinux_2_17_x86_64.whl", hash = "sha256:79bb11d5d1dfdcfd867aac4a026bee11afbd2154279e12b66588442d8c14bdf7", size = 4189579, upload-time = "2026-04-24T22:58:59.56Z" },
    { url = "https://files.pythonhosted.org/packages/90/f5/064b23d4c927e9b63725ee60c88edb75a1e8f5fd1e97d56d4d6a63fe954b/awscrt-0.32.2-cp313-abi3-musllinux_1_1_aarch64.whl", hash = "sha256:47330f421948207a122092042f235cf82d48fa145c446ff4db12cc8cd3a418b6", size = 3809647, upload-time = "2026-04-24T22:59:00.884Z" },
    { url = "https://files.pythonhosted.org/packages/f5/36/f14ea531cccb6ff85c4d50c9e79e61030675520a393b4af23685d24ea018/awscrt-0.32.2-cp313-abi3-musllinux_1_1_x86_64.whl", hash = "sha256:5ec4d8200eb0158b60e35fbb65faa96ef1eb7763f6ce1192827886ee24c6df99", size = 4051532, upload-time = "2026-04-24T22:59:02.593Z" },
    { url = "https://files.pythonhosted.org/packages/64/aa/b12e721c8148a1bbc58a22cbd204d88d0a6263331049d40c057f9dcd3e11/awscrt-0.32.2-cp313-abi3-win32.whl", hash = "sha256:a81f30a501d2eb6ba52c769cd6ecb3f7005512fba4a533211dc717e1115b0d94", size = 4062484, upload-time = "2026-04-24T22:59:04.251Z" },
    { url = "https://files.pythonhosted.org/packages/5c/26/9f5f23647465a4fe1b28afce334e54a4264e23b69365024c28955f0c4119/awscrt-0.32.2-cp313-abi3-win_amd64.whl", hash = "sha256:8d731edda20dce5afc15a04731d91136a31779a244672d1f0a292a8b04aa0fd3", size = 4220425, upload-time = "2026-04-24T22:59:05.627Z" },
    { url = "https://files.pythonhosted.org/packages/dd/76/18077410c1d7b524a7a7486550bc969218f6575288f66e285157dc78e143/awscrt-0.32.2-cp313-cp313t-macosx_10_15_universal2.whl", hash = "sha256:f2a085d0dd4eef974f2ae5467ae3717d2fc08dd8cd508c4fd7a5acb658c68616", size = 3414715, upload-time = "2026-04-24T22:59:07.01Z" },
    { url = "https://files.pythonhosted.org/packages/d3/12/465d72ea6afffc7829f7f48f408a707d4dab9e3f2b694f4e0e63e011478a/awscrt-0.32.2-cp313-cp313t-manylinux2014_aarch64.manylinux_2_17_aarch64.whl", hash = "sha256:d8a4e52f7312e5e435461119aa903f6424e9996d93a040101fb1eb7b9c4e58dc", size = 4028634, upload-time = "2026-04-24T22:59:08.303Z" },
    { url = "https://files.pythonhosted.org/packages/e0/ee/2e9d3716cf6a24f30b85af24691d473c913c119dc996bcd8c9b2b3fe2c17/awscrt-0.32.2-cp313-cp313t-manylinux2014_x86_64.manylinux_2_17_x86_64.whl", hash = "sha256:6cb3c858e96ba023de691a3b6478bed9fb59085433042dff78c42e59eed19cf2", size = 4311846, upload-time = "2026-04-24T22:59:10.02Z" },
    { url = "https://files.pythonhosted.org/packages/d0/ce/aa08aad92e48929cfe243ed7da5cf039fbb137c391e84af79e88c848a37a/awscrt-0.32.2-cp313-cp313t-musllinux_1_1_aarch64.whl", hash = "sha256:7f92b8f40a104a2a87ea5f428b3799220666ec1450b3a90665867d3715749e91", size = 3952242, upload-time = "2026-04-24T22:59:11.632Z" },
    { url = "https://files.pythonhosted.org/packages/42/e3/09ad98aa7dae9cd3ad578c7721b64e9da03f9a5ed444e518c63e82db05a9/awscrt-0.32.2-cp313-cp313t-musllinux_1_1_x86_64.whl", hash = "sha256:9fd2dbca02f4e22fb5c02d1505327e6e6e9320dbe8ca80fc033cbbb29ed8631a", size = 4187982, upload-time = "2026-04-24T22:59:14.477Z" },
    { url = "https://files.pythonhosted.org/packages/26/be/897b1ad519d83a837d721f4e8a87d98e6f36e5b985fa697f3ffed512a8eb/awscrt-0.32.2-cp313-cp313t-win32.whl", hash = "sha256:023a2f4595804a0f1d61ab49b64dda5612be9bfbe9b13759331e8e31658dda3f", size = 4111958, upload-time = "2026-04-24T22:59:15.857Z" },
    { url = "https://files.pythonhosted.org/packages/71/54/6cca298e8acb6769c8078b39bedbc507f17a3f7fe6ea768d8256d584d4ed/awscrt-0.32.2-cp313-cp313t-win_amd64.whl", hash = "sha256:a2f513f0fb3aafdf7cdf29d7f6f0c46bf4cc7880380c86e88635b7818565e76d", size = 4271679, upload-time = "2026-04-24T22:59:17.425Z" },
    { url = "https://files.pythonhosted.org/packages/c7/09/51fca333d42b53ddb04881f53e3cc0f4462872ac81426fbb34f5d0b1d1fb/awscrt-0.32.2-cp314-cp314t-macosx_10_15_universal2.whl", hash = "sha256:7404cb551046bbe7cd454ea75f88b4a1b26f018d1b9bea83dbe46c174789d835", size = 3414716, upload-time = "2026-04-24T22:59:18.918Z" },
    { url = "https://files.pythonhosted.org/packages/39/3a/0ae52a8dfb0e3c37f0129232d79307c65e6ee1ea13a3cbdcf301aaad0a6a/awscrt-0.32.2-cp314-cp314t-manylinux2014_aarch64.manylinux_2_17_aarch64.whl", hash = "sha256:51d6132e9d70de40da07dfad5f17780a652dd4b351c35ca97c79d0fa0186d645", size = 4028980, upload-time = "2026-04-24T22:59:20.316Z" },
    { url = "https://files.pythonhosted.org/packages/2d/7f/7f52020bfcf29122cad77e936d82abaa1f6857a5a70453e8cc734119f0e2/awscrt-0.32.2-cp314-cp314t-manylinux2014_x86_64.manylinux_2_17_x86_64.whl", hash = "sha256:193cc3ecf03a1dd6f989853b6c21549a0a9750c855520fedc8c3c8fbcd32e1bc", size = 4312564, upload-time = "2026-04-24T22:59:21.851Z" },
    { url = "https://files.pythonhosted.org/packages/25/86/2c9b5479e08b8198459d2a781df5524e45d4d0f9c6329bad26979a4d1e85/awscrt-0.32.2-cp314-cp314t-win32.whl", hash = "sha256:25c7e7e6535cb2d2a4d22fd6264f621672d3903491318364dbc59066b63c7186", size = 4195784, upload-time = "2026-04-24T22:59:23.769Z" },
    { url = "https://files.pythonhosted.org/packages/ab/85/a12515514de8969b9e7fa40bb782501a336a8a985cc3093309120a80b627/awscrt-0.32.2-cp314-cp314t-win_amd64.whl", hash = "sha256:a6782c19a00f354c7b232b675f09cde94d1ca37bcf29009b8779b3f6395b27b4", size = 4366435, upload-time = "2026-04-24T22:59:25.53Z" },
]

[[package]]
name = "boto3"
version = "1.42.78"
source = { registry = "https://pypi.org/simple" }
dependencies = [
    { name = "botocore" },
    { name = "jmespath" },
    { name = "s3transfer" },
]
sdist = { url = "https://files.pythonhosted.org/packages/a8/2b/ebdad075934cf6bb78bf81fe31d83339bcd804ad6c856f7341376cbc88b6/boto3-1.42.78.tar.gz", hash = "sha256:cef2ebdb9be5c0e96822f8d3941ac4b816c90a5737a7ffb901d664c808964b63", size = 112789, upload-time = "2026-03-27T19:28:07.58Z" }
wheels = [
    { url = "https://files.pythonhosted.org/packages/57/bb/1f6dade1f1e86858bef7bd332bc8106c445f2dbabec7b32ab5d7d118c9b6/boto3-1.42.78-py3-none-any.whl", hash = "sha256:480a34a077484a5ca60124dfd150ba3ea6517fc89963a679e45b30c6db614d26", size = 140556, upload-time = "2026-03-27T19:28:06.125Z" },
]

[[package]]
name = "botocore"
version = "1.42.78"
source = { registry = "https://pypi.org/simple" }
dependencies = [
    { name = "jmespath" },
    { name = "python-dateutil" },
    { name = "urllib3" },
]
sdist = { url = "https://files.pythonhosted.org/packages/67/8e/cdb34c8ca71216d214e049ada2148ee08bcda12b1ac72af3a720dea300ff/botocore-1.42.78.tar.gz", hash = "sha256:61cbd49728e23f68cfd945406ab40044d49abed143362f7ffa4a4f4bd4311791", size = 15023592, upload-time = "2026-03-27T19:27:57.122Z" }
wheels = [
    { url = "https://files.pythonhosted.org/packages/54/72/94bba1a375d45c685b00e051b56142359547837086a83861d76f6aec26f4/botocore-1.42.78-py3-none-any.whl", hash = "sha256:038ab63c7f898e8b5db58cb6a45e4da56c31dd984e7e995839a3540c735564ea", size = 14701729, upload-time = "2026-03-27T19:27:54.05Z" },
]

[[package]]
name = "ijson"
version = "3.4.0.post0"
source = { registry = "https://pypi.org/simple" }
sdist = { url = "https://files.pythonhosted.org/packages/2d/30/7ab4b9e88e7946f6beef419f74edcc541df3ea562c7882257b4eaa82417d/ijson-3.4.0.post0.tar.gz", hash = "sha256:9aa02dc70bb245670a6ca7fba737b992aeeb4895360980622f7e568dbf23e41e", size = 67216, upload-time = "2025-10-10T05:29:25.62Z" }
wheels = [
    { url = "https://files.pythonhosted.org/packages/7d/fe/3b6af0025288e769dbfa30485dae1b3bd3f33f00390f3ee532cbb1c33e9b/ijson-3.4.0.post0-cp312-cp312-macosx_10_13_universal2.whl", hash = "sha256:b607a500fca26101be47d2baf7cddb457b819ab60a75ce51ed1092a40da8b2f9", size = 87847, upload-time = "2025-10-10T05:28:07.229Z" },
    { url = "https://files.pythonhosted.org/packages/6e/a5/95ee2ca82f3b1a57892452f6e5087607d56c620beb8ce625475194568698/ijson-3.4.0.post0-cp312-cp312-macosx_10_13_x86_64.whl", hash = "sha256:4827d9874a6a81625412c59f7ca979a84d01f7f6bfb3c6d4dc4c46d0382b14e0", size = 59815, upload-time = "2025-10-10T05:28:08.448Z" },
    { url = "https://files.pythonhosted.org/packages/51/8d/5a704ab3c17c55c21c86423458db8610626ca99cc9086a74dfeb7ee9054c/ijson-3.4.0.post0-cp312-cp312-macosx_11_0_arm64.whl", hash = "sha256:d4d4afec780881edb2a0d2dd40b1cdbe246e630022d5192f266172a0307986a7", size = 59648, upload-time = "2025-10-10T05:28:09.307Z" },
    { url = "https://files.pythonhosted.org/packages/25/56/ca5d6ca145d007f30b44e747f3c163bc08710ce004af0deaad4a2301339b/ijson-3.4.0.post0-cp312-cp312-manylinux1_i686.manylinux_2_28_i686.manylinux_2_5_i686.whl", hash = "sha256:432fb60ffb952926f9438e0539011e2dfcd108f8426ee826ccc6173308c3ff2c", size = 138279, upload-time = "2025-10-10T05:28:10.489Z" },
    { url = "https://files.pythonhosted.org/packages/c3/d3/22e3cc806fcdda7ad4c8482ed74db7a017d4a1d49b4300c7bc07052fb561/ijson-3.4.0.post0-cp312-cp312-manylinux2014_aarch64.manylinux_2_17_aarch64.manylinux_2_28_aarch64.whl", hash = "sha256:54a0e3e05d9a0c95ecba73d9579f146cf6d5c5874116c849dba2d39a5f30380e", size = 149110, upload-time = "2025-10-10T05:28:12.263Z" },
    { url = "https://files.pythonhosted.org/packages/3e/04/efb30f413648b9267f5a33920ac124d7ebef3bc4063af8f6ffc8ca11ddcb/ijson-3.4.0.post0-cp312-cp312-manylinux2014_x86_64.manylinux_2_17_x86_64.manylinux_2_28_x86_64.whl", hash = "sha256:05807edc0bcbd222dc6ea32a2b897f0c81dc7f12c8580148bc82f6d7f5e7ec7b", size = 149026, upload-time = "2025-10-10T05:28:13.557Z" },
    { url = "https://files.pythonhosted.org/packages/2d/cf/481165f7046ade32488719300a3994a437020bc41cfbb54334356348f513/ijson-3.4.0.post0-cp312-cp312-musllinux_1_2_aarch64.whl", hash = "sha256:a5269af16f715855d9864937f9dd5c348ca1ac49cee6a2c7a1b7091c159e874f", size = 150012, upload-time = "2025-10-10T05:28:14.859Z" },
    { url = "https://files.pythonhosted.org/packages/0f/24/642e3289917ecf860386e26dfde775f9962d26ab7f6c2e364ed3ca3c25d8/ijson-3.4.0.post0-cp312-cp312-musllinux_1_2_i686.whl", hash = "sha256:b200df83c901f5bfa416d069ac71077aa1608f854a4c50df1b84ced560e9c9ec", size = 142193, upload-time = "2025-10-10T05:28:16.131Z" },
    { url = "https://files.pythonhosted.org/packages/0f/f5/fd2f038abe95e553e1c3ee207cda19db9196eb416e63c7c89699a8cf0db7/ijson-3.4.0.post0-cp312-cp312-musllinux_1_2_x86_64.whl", hash = "sha256:6458bd8e679cdff459a0a5e555b107c3bbacb1f382da3fe0f40e392871eb518d", size = 150904, upload-time = "2025-10-10T05:28:17.401Z" },
    { url = "https://files.pythonhosted.org/packages/49/35/24259d22519987928164e6cb8fe3486e1df0899b2999ada4b0498639b463/ijson-3.4.0.post0-cp312-cp312-win32.whl", hash = "sha256:55f7f656b5986326c978cbb3a9eea9e33f3ef6ecc4535b38f1d452c731da39ab", size = 52358, upload-time = "2025-10-10T05:28:18.315Z" },
    { url = "https://files.pythonhosted.org/packages/a1/2b/6f7ade27a8ff5758fc41006dadd2de01730def84fe3e60553b329c59e0d4/ijson-3.4.0.post0-cp312-cp312-win_amd64.whl", hash = "sha256:e15833dcf6f6d188fdc624a31cd0520c3ba21b6855dc304bc7c1a8aeca02d4ac", size = 54789, upload-time = "2025-10-10T05:28:19.552Z" },
    { url = "https://files.pythonhosted.org/packages/1b/20/aaec6977f9d538bbadd760c7fa0f6a0937742abdcc920ec6478a8576e55f/ijson-3.4.0.post0-cp313-cp313-macosx_10_13_universal2.whl", hash = "sha256:114ed248166ac06377e87a245a158d6b98019d2bdd3bb93995718e0bd996154f", size = 87863, upload-time = "2025-10-10T05:28:20.786Z" },
    { url = "https://files.pythonhosted.org/packages/5b/29/06bf56a866e2fe21453a1ad8f3a5d7bca3c723f73d96329656dfee969783/ijson-3.4.0.post0-cp313-cp313-macosx_10_13_x86_64.whl", hash = "sha256:ffb21203736b08fe27cb30df6a4f802fafb9ef7646c5ff7ef79569b63ea76c57", size = 59806, upload-time = "2025-10-10T05:28:21.596Z" },
    { url = "https://files.pythonhosted.org/packages/ba/ae/e1d0fda91ba7a444b75f0d60cb845fdb1f55d3111351529dcbf4b1c276fe/ijson-3.4.0.post0-cp313-cp313-macosx_11_0_arm64.whl", hash = "sha256:07f20ecd748602ac7f18c617637e53bd73ded7f3b22260bba3abe401a7fc284e", size = 59643, upload-time = "2025-10-10T05:28:22.45Z" },
    { url = "https://files.pythonhosted.org/packages/4d/24/5a24533be2726396cc1724dc237bada09b19715b5bfb0e7b9400db0901ad/ijson-3.4.0.post0-cp313-cp313-manylinux1_i686.manylinux_2_28_i686.manylinux_2_5_i686.whl", hash = "sha256:27aa193d47ffc6bc4e45453896ad98fb089a367e8283b973f1fe5c0198b60b4e", size = 138082, upload-time = "2025-10-10T05:28:23.319Z" },
    { url = "https://files.pythonhosted.org/packages/05/60/026c3efcec23c329657e878cbc0a9a25b42e7eb3971e8c2377cb3284e2b7/ijson-3.4.0.post0-cp313-cp313-manylinux2014_aarch64.manylinux_2_17_aarch64.manylinux_2_28_aarch64.whl", hash = "sha256:ccddb2894eb7af162ba43b9475ac5825d15d568832f82eb8783036e5d2aebd42", size = 149145, upload-time = "2025-10-10T05:28:24.279Z" },
    { url = "https://files.pythonhosted.org/packages/ed/c2/036499909b7a1bc0bcd85305e4348ad171aeb9df57581287533bdb3497e9/ijson-3.4.0.post0-cp313-cp313-manylinux2014_x86_64.manylinux_2_17_x86_64.manylinux_2_28_x86_64.whl", hash = "sha256:61ab0b8c5bf707201dc67e02c116f4b6545c4afd7feb2264b989d242d9c4348a", size = 149046, upload-time = "2025-10-10T05:28:25.186Z" },
    { url = "https://files.pythonhosted.org/packages/ba/75/e7736073ad96867c129f9e799e3e65086badd89dbf3911f76d9b3bf8a115/ijson-3.4.0.post0-cp313-cp313-musllinux_1_2_aarch64.whl", hash = "sha256:254cfb8c124af68327a0e7a49b50bbdacafd87c4690a3d62c96eb01020a685ef", size = 150356, upload-time = "2025-10-10T05:28:26.135Z" },
    { url = "https://files.pythonhosted.org/packages/9d/1b/1c1575d2cda136985561fcf774fe6c54412cd0fa08005342015af0403193/ijson-3.4.0.post0-cp313-cp313-musllinux_1_2_i686.whl", hash = "sha256:04ac9ca54db20f82aeda6379b5f4f6112fdb150d09ebce04affeab98a17b4ed3", size = 142322, upload-time = "2025-10-10T05:28:27.125Z" },
    { url = "https://files.pythonhosted.org/packages/28/4d/aba9871feb624df8494435d1a9ddc7b6a4f782c6044bfc0d770a4b59f145/ijson-3.4.0.post0-cp313-cp313-musllinux_1_2_x86_64.whl", hash = "sha256:a603d7474bf35e7b3a8e49c8dabfc4751841931301adff3f3318171c4e407f32", size = 151386, upload-time = "2025-10-10T05:28:28.274Z" },
    { url = "https://files.pythonhosted.org/packages/3f/9a/791baa83895fb6e492bce2c7a0ea6427b6a41fe854349e62a37d0c9deaf0/ijson-3.4.0.post0-cp313-cp313-win32.whl", hash = "sha256:ec5bb1520cb212ebead7dba048bb9b70552c3440584f83b01b0abc96862e2a09", size = 52352, upload-time = "2025-10-10T05:28:29.191Z" },
    { url = "https://files.pythonhosted.org/packages/a9/0c/061f51493e1da21116d74ee8f6a6b9ae06ca5fa2eb53c3b38b64f9a9a5ae/ijson-3.4.0.post0-cp313-cp313-win_amd64.whl", hash = "sha256:3505dff18bdeb8b171eb28af6df34857e2be80dc01e2e3b624e77215ad58897f", size = 54783, upload-time = "2025-10-10T05:28:30.048Z" },
    { url = "https://files.pythonhosted.org/packages/c7/89/4344e176f2c5f5ef3251c9bfa4ddd5b4cf3f9601fd6ec3f677a3ba0b9c71/ijson-3.4.0.post0-cp313-cp313t-macosx_10_13_universal2.whl", hash = "sha256:45a0b1c833ed2620eaf8da958f06ac8351c59e5e470e078400d23814670ed708", size = 92342, upload-time = "2025-10-10T05:28:31.389Z" },
    { url = "https://files.pythonhosted.org/packages/d4/b1/85012c586a6645f9fb8bfa3ef62ed2f303c8d73fc7c2f705111582925980/ijson-3.4.0.post0-cp313-cp313t-macosx_10_13_x86_64.whl", hash = "sha256:7809ec8c8f40228edaaa089f33e811dff4c5b8509702652870d3f286c9682e27", size = 62028, upload-time = "2025-10-10T05:28:32.849Z" },
    { url = "https://files.pythonhosted.org/packages/65/ea/7b7e2815c101d78b33e74d64ddb70cccc377afccd5dda76e566ed3fcb56f/ijson-3.4.0.post0-cp313-cp313t-macosx_11_0_arm64.whl", hash = "sha256:cf4a34c2cfe852aee75c89c05b0a4531c49dc0be27eeed221afd6fbf9c3e149c", size = 61773, upload-time = "2025-10-10T05:28:34.016Z" },
    { url = "https://files.pythonhosted.org/packages/59/7d/2175e599cb77a64f528629bad3ce95dfdf2aa6171d313c1fc00bbfaf0d22/ijson-3.4.0.post0-cp313-cp313t-manylinux1_i686.manylinux_2_28_i686.manylinux_2_5_i686.whl", hash = "sha256:a39d5d36067604b26b78de70b8951c90e9272450642661fe531a8f7a6936a7fa", size = 198562, upload-time = "2025-10-10T05:28:34.878Z" },
    { url = "https://files.pythonhosted.org/packages/13/97/82247c501c92405bb2fc44ab5efb497335bcb9cf0f5d3a0b04a800737bd8/ijson-3.4.0.post0-cp313-cp313t-manylinux2014_aarch64.manylinux_2_17_aarch64.manylinux_2_28_aarch64.whl", hash = "sha256:83fc738d81c9ea686b452996110b8a6678296c481e0546857db24785bff8da92", size = 216212, upload-time = "2025-10-10T05:28:36.208Z" },
    { url = "https://files.pythonhosted.org/packages/95/ca/b956f507bb02e05ce109fd11ab6a2c054f8b686cc5affe41afe50630984d/ijson-3.4.0.post0-cp313-cp313t-manylinux2014_x86_64.manylinux_2_17_x86_64.manylinux_2_28_x86_64.whl", hash = "sha256:b2a81aee91633868f5b40280e2523f7c5392e920a5082f47c5e991e516b483f6", size = 206618, upload-time = "2025-10-10T05:28:37.243Z" },
    { url = "https://files.pythonhosted.org/packages/3e/12/e827840ab81d86a9882e499097934df53294f05155f1acfcb9a211ac1142/ijson-3.4.0.post0-cp313-cp313t-musllinux_1_2_aarch64.whl", hash = "sha256:56169e298c5a2e7196aaa55da78ddc2415876a74fe6304f81b1eb0d3273346f7", size = 210689, upload-time = "2025-10-10T05:28:38.252Z" },
    { url = "https://files.pythonhosted.org/packages/1b/3b/59238d9422c31a4aefa22ebeb8e599e706158a0ab03669ef623be77a499a/ijson-3.4.0.post0-cp313-cp313t-musllinux_1_2_i686.whl", hash = "sha256:eeb9540f0b1a575cbb5968166706946458f98c16e7accc6f2fe71efa29864241", size = 199927, upload-time = "2025-10-10T05:28:39.233Z" },
    { url = "https://files.pythonhosted.org/packages/b6/0f/ec01c36c128c37edb8a5ae8f3de3256009f886338d459210dfe121ee4ba9/ijson-3.4.0.post0-cp313-cp313t-musllinux_1_2_x86_64.whl", hash = "sha256:ba3478ff0bb49d7ba88783f491a99b6e3fa929c930ab062d2bb7837e6a38fe88", size = 204455, upload-time = "2025-10-10T05:28:40.644Z" },
    { url = "https://files.pythonhosted.org/packages/c8/cf/5560e1db96c6d10a5313be76bf5a1754266cbfb5cc13ff64d107829e07b1/ijson-3.4.0.post0-cp313-cp313t-win32.whl", hash = "sha256:b005ce84e82f28b00bf777a464833465dfe3efa43a0a26c77b5ac40723e1a728", size = 54566, upload-time = "2025-10-10T05:28:41.663Z" },
    { url = "https://files.pythonhosted.org/packages/22/5a/cbb69144c3b25dd56f5421ff7dc0cf3051355579062024772518e4f4b3c5/ijson-3.4.0.post0-cp313-cp313t-win_amd64.whl", hash = "sha256:fe9c84c9b1c8798afa407be1cea1603401d99bfc7c34497e19f4f5e5ddc9b441", size = 57298, upload-time = "2025-10-10T05:28:42.881Z" },
    { url = "https://files.pythonhosted.org/packages/af/0b/a4ce8524fd850302bbf5d9f38d07c0fa981fdbe44951d2fcd036935b67dd/ijson-3.4.0.post0-cp314-cp314-macosx_10_13_universal2.whl", hash = "sha256:da6a21b88cbf5ecbc53371283988d22c9643aa71ae2873bbeaefd2dea3b6160b", size = 88361, upload-time = "2025-10-10T05:28:43.73Z" },
    { url = "https://files.pythonhosted.org/packages/be/90/a5e5f33e46f28174a9c8142d12dcb3d26ce358d9a2230b9b15f5c987b3a5/ijson-3.4.0.post0-cp314-cp314-macosx_10_13_x86_64.whl", hash = "sha256:cf24a48a1c3ca9d44a04feb59ccefeb9aa52bb49b9cb70ad30518c25cce74bb7", size = 59960, upload-time = "2025-10-10T05:28:44.585Z" },
    { url = "https://files.pythonhosted.org/packages/83/e2/551dd7037dda759aa0ce53f0d3d7be03b03c6b05c0b0a5d5ab7a47e6b4b1/ijson-3.4.0.post0-cp314-cp314-macosx_11_0_arm64.whl", hash = "sha256:d14427d366f95f21adcb97d0ed1f6d30f6fdc04d0aa1e4de839152c50c2b8d65", size = 59957, upload-time = "2025-10-10T05:28:45.748Z" },
    { url = "https://files.pythonhosted.org/packages/ac/b9/3006384f85cc26cf83dbbd542d362cc336f1e1ddd491e32147cfa46ea8ae/ijson-3.4.0.post0-cp314-cp314-manylinux1_i686.manylinux_2_28_i686.manylinux_2_5_i686.whl", hash = "sha256:339d49f6c5d24051c85d9226be96d2d56e633cb8b7d09dd8099de8d8b51a97e2", size = 139967, upload-time = "2025-10-10T05:28:47.229Z" },
    { url = "https://files.pythonhosted.org/packages/77/3b/b5234add8115cbfe8635b6c152fb527327f45e4c0f0bf2e93844b36b5217/ijson-3.4.0.post0-cp314-cp314-manylinux2014_aarch64.manylinux_2_17_aarch64.manylinux_2_28_aarch64.whl", hash = "sha256:7206afcb396aaef66c2b066997b4e9d9042c4b7d777f4d994e9cec6d322c2fe6", size = 149196, upload-time = "2025-10-10T05:28:48.226Z" },
    { url = "https://files.pythonhosted.org/packages/a2/d2/c4ae543e37d7a9fba09740c221976a63705dbad23a9cda9022fc9fa0f3de/ijson-3.4.0.post0-cp314-cp314-manylinux2014_x86_64.manylinux_2_17_x86_64.manylinux_2_28_x86_64.whl", hash = "sha256:c8dd327da225887194fe8b93f2b3c9c256353e14a6b9eefc940ed17fde38f5b8", size = 148516, upload-time = "2025-10-10T05:28:49.237Z" },
    { url = "https://files.pythonhosted.org/packages/0d/a1/914b5fb1c26af2474cd04841626e0e95576499a4ca940661fb105ee12dd2/ijson-3.4.0.post0-cp314-cp314-musllinux_1_2_aarch64.whl", hash = "sha256:4810546e66128af51fd4a0c9a640e84e8508e9c15c4f247d8a3e3253b20e1465", size = 149770, upload-time = "2025-10-10T05:28:50.501Z" },
    { url = "https://files.pythonhosted.org/packages/7a/c1/51c3584102d0d85d4aa10cc88dbbe431ecb9fe98160a9e2fad62a4456aed/ijson-3.4.0.post0-cp314-cp314-musllinux_1_2_i686.whl", hash = "sha256:103a0838061297d063bca81d724b0958b616f372bd893bbc278320152252c652", size = 143688, upload-time = "2025-10-10T05:28:51.823Z" },
    { url = "https://files.pythonhosted.org/packages/47/3d/a54f13d766332620bded8ee76bcdd274509ecc53cf99573450f95b3ad910/ijson-3.4.0.post0-cp314-cp314-musllinux_1_2_x86_64.whl", hash = "sha256:40007c977e230e04118b27322f25a72ae342a3d61464b2057fcd9b21eeb7427a", size = 150688, upload-time = "2025-10-10T05:28:52.757Z" },
    { url = "https://files.pythonhosted.org/packages/72/49/43d97cccf3266da7c044bd42e5083340ad1fd97fbb16d1bcd6791fd8918f/ijson-3.4.0.post0-cp314-cp314-win32.whl", hash = "sha256:f932969fc1fd4449ca141cf5f47ff357656a154a361f28d9ebca0badc5b02297", size = 52882, upload-time = "2025-10-10T05:28:53.708Z" },
    { url = "https://files.pythonhosted.org/packages/e9/f0/008f1ed4e0fc6f6dc7a5a82ecf08a59bb212514e158954374d440d700e6c/ijson-3.4.0.post0-cp314-cp314-win_amd64.whl", hash = "sha256:3ed19b1e4349240773a8ce4a4bfa450892d4a57949c02c515cd6be5a46b7696a", size = 55568, upload-time = "2025-10-10T05:28:54.79Z" },
    { url = "https://files.pythonhosted.org/packages/69/1c/8a199fded709e762aced89bb7086973c837e432dd714bbad78a6ac789c23/ijson-3.4.0.post0-cp314-cp314t-macosx_10_13_universal2.whl", hash = "sha256:226447e40ca9340a39ed07d68ea02ee14b52cb4fe649425b256c1f0073531c83", size = 92345, upload-time = "2025-10-10T05:28:55.657Z" },
    { url = "https://files.pythonhosted.org/packages/be/60/04e97f6a403203bd2eb8849570bdce5719d696b5fb96aa2a62566fe7a1d9/ijson-3.4.0.post0-cp314-cp314t-macosx_10_13_x86_64.whl", hash = "sha256:2c88f0669d45d4b1aa017c9b68d378e7cd15d188dfb6f0209adc78b7f45590a7", size = 62029, upload-time = "2025-10-10T05:28:56.561Z" },
    { url = "https://files.pythonhosted.org/packages/2a/97/e88295f9456ba939d90d4603af28fcabda3b443ef55e709e9381df3daa58/ijson-3.4.0.post0-cp314-cp314t-macosx_11_0_arm64.whl", hash = "sha256:56b3089dc28c12492d92cc4896d2be585a89ecae34e25d08c1df88f21815cb50", size = 61776, upload-time = "2025-10-10T05:28:57.401Z" },
    { url = "https://files.pythonhosted.org/packages/1b/9f/0e9c236e720c2de887ab0d7cad8a15d2aa55fb449f792437fc99899957a9/ijson-3.4.0.post0-cp314-cp314t-manylinux1_i686.manylinux_2_28_i686.manylinux_2_5_i686.whl", hash = "sha256:c117321cfa7b749cc1213f9b4c80dc958f0a206df98ec038ae4bcbbdb8463a15", size = 199808, upload-time = "2025-10-10T05:28:58.62Z" },
    { url = "https://files.pythonhosted.org/packages/0e/70/c21de30e7013e074924cd82057acfc5760e7b2cc41180f80770621b0ad36/ijson-3.4.0.post0-cp314-cp314t-manylinux2014_aarch64.manylinux_2_17_aarch64.manylinux_2_28_aarch64.whl", hash = "sha256:8311f48db6a33116db5c81682f08b6e2405501a4b4e460193ae69fec3cd1f87a", size = 217152, upload-time = "2025-10-10T05:28:59.656Z" },
    { url = "https://files.pythonhosted.org/packages/64/78/63a0bcc0707037df4e22bb836451279d850592258c859685a402c27f5d6d/ijson-3.4.0.post0-cp314-cp314t-manylinux2014_x86_64.manylinux_2_17_x86_64.manylinux_2_28_x86_64.whl", hash = "sha256:91c61a3e63e04da648737e6b4abd537df1b46fb8cdf3219b072e790bb3c1a46b", size = 207663, upload-time = "2025-10-10T05:29:00.73Z" },
    { url = "https://files.pythonhosted.org/packages/7d/85/834e9838d69893cb7567e1210be044444213c78f7414aaf1cd241df16078/ijson-3.4.0.post0-cp314-cp314t-musllinux_1_2_aarch64.whl", hash = "sha256:1709171023ce82651b2f132575c2e6282e47f64ad67bd3260da476418d0e7895", size = 211157, upload-time = "2025-10-10T05:29:01.87Z" },
    { url = "https://files.pythonhosted.org/packages/2e/9b/9fda503799ebc30397710552e5dedc1d98d9ea6a694e5717415892623a94/ijson-3.4.0.post0-cp314-cp314t-musllinux_1_2_i686.whl", hash = "sha256:5f0a72b1e3c0f78551670c12b2fdc1bf05f2796254d9c2055ba319bec2216020", size = 200231, upload-time = "2025-10-10T05:29:02.883Z" },
    { url = "https://files.pythonhosted.org/packages/15/f3/6419d1d5795a16591233d3aa3747b084e82c0c1d7184bdad9be638174560/ijson-3.4.0.post0-cp314-cp314t-musllinux_1_2_x86_64.whl", hash = "sha256:b982a3597b0439ce9c8f4cfc929d86c6ed43907908be1e8463a34dc35fe5b258", size = 204825, upload-time = "2025-10-10T05:29:04.242Z" },
    { url = "https://files.pythonhosted.org/packages/1f/8d/a520e6902129c55fa94428ea0a22e8547540d5e7ca30f18b39594a5feea2/ijson-3.4.0.post0-cp314-cp314t-win32.whl", hash = "sha256:4e39bfdc36b0b460ef15a06550a6a385c64c81f7ac205ccff39bd45147918912", size = 55559, upload-time = "2025-10-10T05:29:05.681Z" },
    { url = "https://files.pythonhosted.org/packages/20/67/0ac6dd0045957ba1270b7b1860864f7d8cea4062e70b1083134c587e5768/ijson-3.4.0.post0-cp314-cp314t-win_amd64.whl", hash = "sha256:17e45262a5ddef39894013fb1548ee7094e444c8389eb1a97f86708b19bea03e", size = 58238, upload-time = "2025-10-10T05:29:06.656Z" },
]

[[package]]
name = "jmespath"
version = "1.0.1"
source = { registry = "https://pypi.org/simple" }
sdist = { url = "https://files.pythonhosted.org/packages/00/2a/e867e8531cf3e36b41201936b7fa7ba7b5702dbef42922193f05c8976cd6/jmespath-1.0.1.tar.gz", hash = "sha256:90261b206d6defd58fdd5e85f478bf633a2901798906be2ad389150c5c60edbe", size = 25843, upload-time = "2022-06-17T18:00:12.224Z" }
wheels = [
    { url = "https://files.pythonhosted.org/packages/31/b4/b9b800c45527aadd64d5b442f9b932b00648617eb5d63d2c7a6587b7cafc/jmespath-1.0.1-py3-none-any.whl", hash = "sha256:02e2e4cc71b5bcab88332eebf907519190dd9e6e82107fa7f83b1003a6252980", size = 20256, upload-time = "2022-06-17T18:00:10.251Z" },
]

[[package]]
name = "pyaudio"
version = "0.2.14"
source = { registry = "https://pypi.org/simple" }
sdist = { url = "https://files.pythonhosted.org/packages/26/1d/8878c7752febb0f6716a7e1a52cb92ac98871c5aa522cba181878091607c/PyAudio-0.2.14.tar.gz", hash = "sha256:78dfff3879b4994d1f4fc6485646a57755c6ee3c19647a491f790a0895bd2f87", size = 47066, upload-time = "2023-11-07T07:11:48.806Z" }
wheels = [
    { url = "https://files.pythonhosted.org/packages/8d/45/8d2b76e8f6db783f9326c1305f3f816d4a12c8eda5edc6a2e1d03c097c3b/PyAudio-0.2.14-cp312-cp312-win32.whl", hash = "sha256:5fce4bcdd2e0e8c063d835dbe2860dac46437506af509353c7f8114d4bacbd5b", size = 144750, upload-time = "2023-11-07T07:11:40.142Z" },
    { url = "https://files.pythonhosted.org/packages/b0/6a/d25812e5f79f06285767ec607b39149d02aa3b31d50c2269768f48768930/PyAudio-0.2.14-cp312-cp312-win_amd64.whl", hash = "sha256:12f2f1ba04e06ff95d80700a78967897a489c05e093e3bffa05a84ed9c0a7fa3", size = 164126, upload-time = "2023-11-07T07:11:41.539Z" },
    { url = "https://files.pythonhosted.org/packages/3a/77/66cd37111a87c1589b63524f3d3c848011d21ca97828422c7fde7665ff0d/PyAudio-0.2.14-cp313-cp313-win32.whl", hash = "sha256:95328285b4dab57ea8c52a4a996cb52be6d629353315be5bfda403d15932a497", size = 150982, upload-time = "2024-11-20T19:12:12.404Z" },
    { url = "https://files.pythonhosted.org/packages/a5/8b/7f9a061c1cc2b230f9ac02a6003fcd14c85ce1828013aecbaf45aa988d20/PyAudio-0.2.14-cp313-cp313-win_amd64.whl", hash = "sha256:692d8c1446f52ed2662120bcd9ddcb5aa2b71f38bda31e58b19fb4672fffba69", size = 173655, upload-time = "2024-11-20T19:12:13.616Z" },
]

[[package]]
name = "python-dateutil"
version = "2.9.0.post0"
source = { registry = "https://pypi.org/simple" }
dependencies = [
    { name = "six" },
]
sdist = { url = "https://files.pythonhosted.org/packages/66/c0/0c8b6ad9f17a802ee498c46e004a0eb49bc148f2fd230864601a86dcf6db/python-dateutil-2.9.0.post0.tar.gz", hash = "sha256:37dd54208da7e1cd875388217d5e00ebd4179249f90fb72437e91a35459a0ad3", size = 342432, upload-time = "2024-03-01T18:36:20.211Z" }
wheels = [
    { url = "https://files.pythonhosted.org/packages/ec/57/56b9bcc3c9c6a792fcbaf139543cee77261f3651ca9da0c93f5c1221264b/python_dateutil-2.9.0.post0-py2.py3-none-any.whl", hash = "sha256:a8b2bc7bffae282281c8140a97d3aa9c14da0b136dfe83f850eea9a5f7470427", size = 229892, upload-time = "2024-03-01T18:36:18.57Z" },
]

[[package]]
name = "python-stt"
version = "0.1.0"
source = { virtual = "." }
dependencies = [
    { name = "aws-sdk-sagemaker-runtime-http2" },
    { name = "boto3" },
    { name = "pyaudio" },
]

[package.metadata]
requires-dist = [
    { name = "aws-sdk-sagemaker-runtime-http2", specifier = ">=0.6" },
    { name = "boto3", specifier = ">=1.42.34" },
    { name = "pyaudio", specifier = ">=0.2.14" },
]

[[package]]
name = "s3transfer"
version = "0.16.0"
source = { registry = "https://pypi.org/simple" }
dependencies = [
    { name = "botocore" },
]
sdist = { url = "https://files.pythonhosted.org/packages/05/04/74127fc843314818edfa81b5540e26dd537353b123a4edc563109d8f17dd/s3transfer-0.16.0.tar.gz", hash = "sha256:8e990f13268025792229cd52fa10cb7163744bf56e719e0b9cb925ab79abf920", size = 153827, upload-time = "2025-12-01T02:30:59.114Z" }
wheels = [
    { url = "https://files.pythonhosted.org/packages/fc/51/727abb13f44c1fcf6d145979e1535a35794db0f6e450a0cb46aa24732fe2/s3transfer-0.16.0-py3-none-any.whl", hash = "sha256:18e25d66fed509e3868dc1572b3f427ff947dd2c56f844a5bf09481ad3f3b2fe", size = 86830, upload-time = "2025-12-01T02:30:57.729Z" },
]

[[package]]
name = "six"
version = "1.17.0"
source = { registry = "https://pypi.org/simple" }
sdist = { url = "https://files.pythonhosted.org/packages/94/e7/b2c673351809dca68a0e064b6af791aa332cf192da575fd474ed7d6f16a2/six-1.17.0.tar.gz", hash = "sha256:ff70335d468e7eb6ec65b95b99d3a2836546063f63acc5171de367e834932a81", size = 34031, upload-time = "2024-12-04T17:35:28.174Z" }
wheels = [
    { url = "https://files.pythonhosted.org/packages/b7/ce/149a00dd41f10bc29e5921b496af8b574d8413afcd5e30dfa0ed46c2cc5e/six-1.17.0-py2.py3-none-any.whl", hash = "sha256:4721f391ed90541fddacab5acf947aa0d3dc7d27b2e1e8eda2be8970586c3274", size = 11050, upload-time = "2024-12-04T17:35:26.475Z" },
]

[[package]]
name = "smithy-aws-core"
version = "0.6.0"
source = { registry = "https://pypi.org/simple" }
dependencies = [
    { name = "aws-sdk-signers" },
    { name = "smithy-core" },
    { name = "smithy-http" },
]
sdist = { url = "https://files.pythonhosted.org/packages/48/80/61dc9d5e948b8a0b050fa197d87bc6581f5d6d7d637ad0f61f15776b97e4/smithy_aws_core-0.6.0.tar.gz", hash = "sha256:592eba5fd09b60dde4d5a3d78273b9e9afad4a173fca4de8d77f9139108277a0", size = 15524, upload-time = "2026-05-05T18:04:15.41Z" }
wheels = [
    { url = "https://files.pythonhosted.org/packages/49/eb/8f428e2d0d8bd81dd002feb777c8a25b69d39ca7411408aa4d63eaec53d5/smithy_aws_core-0.6.0-py3-none-any.whl", hash = "sha256:5f59ecbc09ae4f71b6e3fb94ea4240dbf0b116af41bf1ffe6deb6a777a696ce3", size = 24808, upload-time = "2026-05-05T18:04:16.246Z" },
]

[package.optional-dependencies]
eventstream = [
    { name = "smithy-aws-event-stream" },
]
json = [
    { name = "smithy-json" },
]

[[package]]
name = "smithy-aws-event-stream"
version = "0.3.0"
source = { registry = "https://pypi.org/simple" }
dependencies = [
    { name = "smithy-core" },
]
sdist = { url = "https://files.pythonhosted.org/packages/38/0e/6efb3a4ed92c0f1ada6de060ac92e7115a1e34d0ab1fb99a6056734a88ea/smithy_aws_event_stream-0.3.0.tar.gz", hash = "sha256:a0e227367a973144e205a075d0a424f95c92f26656a1018d08900da2ae547c49", size = 12818, upload-time = "2026-05-05T18:04:14.317Z" }
wheels = [
    { url = "https://files.pythonhosted.org/packages/ff/b4/c4c4a9aa5a4cf3ee285f1bd71999441177c651d911a82a6e64c57b6e3e65/smithy_aws_event_stream-0.3.0-py3-none-any.whl", hash = "sha256:8b505cc28230e4fe9c5e025333209b44ca2db560451ac9ed9a7d74939edf4413", size = 15845, upload-time = "2026-05-05T18:04:13.351Z" },
]

[[package]]
name = "smithy-core"
version = "0.5.0"
source = { registry = "https://pypi.org/simple" }
sdist = { url = "https://files.pythonhosted.org/packages/9a/03/7c1206bc91959dd7680aa054673553b74310f2e50227fa53f8edcad44fe2/smithy_core-0.5.0.tar.gz", hash = "sha256:56ba1c5b93ca8a7bd77c0965921f0e1862604bdb5cb78102968ae9b130f068a6", size = 50954, upload-time = "2026-05-05T18:04:12.119Z" }
wheels = [
    { url = "https://files.pythonhosted.org/packages/59/e6/859eed95c4204c5243238659f4e4e407c00b444a97ac9fcef4943bae55c4/smithy_core-0.5.0-py3-none-any.whl", hash = "sha256:f46b367e60a43e579e7881703f3368c37ae57fc5428bf5e398b2005fbcf56117", size = 65049, upload-time = "2026-05-05T18:04:10.73Z" },
]

[[package]]
name = "smithy-http"
version = "0.4.1"
source = { registry = "https://pypi.org/simple" }
dependencies = [
    { name = "smithy-core" },
]
sdist = { url = "https://files.pythonhosted.org/packages/f6/18/7ebcea9ac9af3b5ca0af34747562c9f29d61bcd89e923dfffe6fc890e92e/smithy_http-0.4.1.tar.gz", hash = "sha256:f8a9ec156ac07ab9ced844de798ba8b8853ffe171c657908ffa61124384c087a", size = 29269, upload-time = "2026-05-21T17:02:22.996Z" }
wheels = [
    { url = "https://files.pythonhosted.org/packages/13/24/e5771159ae4ac97556ff1f4a4647a3460f1419db0779357661f7cd4a3d48/smithy_http-0.4.1-py3-none-any.whl", hash = "sha256:fee2097521bf668ea1b2757e910c4029d842cc1b533c828d5429859e8e1cd854", size = 40715, upload-time = "2026-05-21T17:02:24.435Z" },
]

[package.optional-dependencies]
awscrt = [
    { name = "awscrt" },
]

[[package]]
name = "smithy-json"
version = "0.2.1"
source = { registry = "https://pypi.org/simple" }
dependencies = [
    { name = "ijson" },
    { name = "smithy-core" },
]
sdist = { url = "https://files.pythonhosted.org/packages/70/74/1489187f6ec3e645f8d986de23c0a74d5d9b5ec5796a5ca1d95cd7881ea8/smithy_json-0.2.1.tar.gz", hash = "sha256:a8889465cb04d1ef9ba5efae036115d37770ce65b3b6de2f95e66c0cf9e0dad8", size = 7210, upload-time = "2025-12-30T23:23:17.077Z" }
wheels = [
    { url = "https://files.pythonhosted.org/packages/e9/c1/b9ca91402b415e38566eb8b6c16c0136382bff2dcd39fd28cc58d4eda1a9/smithy_json-0.2.1-py3-none-any.whl", hash = "sha256:4222dcbe8a5187ba18caaf556d280804c45e6646fba92f0f6148c4f1d9bb721b", size = 9908, upload-time = "2025-12-30T23:23:16.194Z" },
]

[[package]]
name = "urllib3"
version = "2.6.3"
source = { registry = "https://pypi.org/simple" }
sdist = { url = "https://files.pythonhosted.org/packages/c7/24/5f1b3bdffd70275f6661c76461e25f024d5a38a46f04aaca912426a2b1d3/urllib3-2.6.3.tar.gz", hash = "sha256:1b62b6884944a57dbe321509ab94fd4d3b307075e0c2eae991ac71ee15ad38ed", size = 435556, upload-time = "2026-01-07T16:24:43.925Z" }
wheels = [
    { url = "https://files.pythonhosted.org/packages/39/08/aaaad47bc4e9dc8c725e68f9d04865dbcb2052843ff09c97b08904852d84/urllib3-2.6.3-py3-none-any.whl", hash = "sha256:bf272323e553dfb2e87d9bfd225ca7b0f467b919d7bbd355436d3fd37cb0acd4", size = 131584, upload-time = "2026-01-07T16:24:42.685Z" },
]
